
Microsoft Visual Studio Solution File, Format Version 12.00
# Visual Studio Version 16
VisualStudioVersion = 16.0.31911.196
MinimumVisualStudioVersion = 10.0.40219.1
Project("{2150E333-8FDC-42A3-9474-1A3956D46DE8}") = "01. C", "01. C", "{BC8A6FE9-0EE7-4F8A-B4A9-0287C1308A0F}"
EndProject
Project("{8BC9CEB8-8B4A-11D0-8D11-00A0C91BC942}") = "Project1", "Project1\Project1.vcxproj", "{3EFABE94-42CD-4C8F-83F9-3350F9426D15}"
EndProject
Project("{8BC9CEB8-8B4A-11D0-8D11-00A0C91BC942}") = "LinkedList1", "Project2\Project2.vcxproj", "{4D103874-3707-47D0-8666-4B921934888C}"
EndProject
Project("{8BC9CEB8-8B4A-11D0-8D11-00A0C91BC942}") = "LinkedList1-2", "LinkedList1-2\LinkedList1-2.vcxproj", "{3078004E-923F-4269-8664-97C4F726D406}"
EndProject
Project("{2150E333-8FDC-42A3-9474-1A3956D46DE8}") = "02. C++", "02. C++", "{3439A8FB-197C-47F3-B544-DE2DD294447A}"
EndProject
Project("{8BC9CEB8-8B4A-11D0-8D11-00A0C91BC942}") = "student", "student\student.vcxproj", "{4A1DE087-734C-46A4-A4B6-A2B6AB8A53AC}"
EndProject
Project("{8BC9CEB8-8B4A-11D0-8D11-00A0C91BC942}") = "student_study", "student_study\student_study.vcxproj", "{D88DBED5-4B03-4B2E-BB8E-8CFD409AAEEA}"
EndProject
Project("{2150E333-8FDC-42A3-9474-1A3956D46DE8}") = "0. 연습", "0. 연습", "{85231949-B73B-4839-A274-5E89144B55E4}"
EndProject
Project("{8BC9CEB8-8B4A-11D0-8D11-00A0C91BC942}") = "aa", "aa\aa.vcxproj", "{44BE8B7F-DAD6-4D04-A827-32E34F8C12C0}"
EndProject
Project("{8BC9CEB8-8B4A-11D0-8D11-00A0C91BC942}") = "const", "const\const.vcxproj", "{9450C999-E182-4B8C-B48A-23DE91DD28F0}"
EndProject
Project("{8BC9CEB8-8B4A-11D0-8D11-00A0C91BC942}") = "studentManager", "studentManager\studentManager.vcxproj", "{8C4BB5F9-0660-4ECF-A0D9-6E6C89552512}"
EndProject
Project("{8BC9CEB8-8B4A-11D0-8D11-00A0C91BC942}") = "studentmanager211213", "studentmanager211213\studentmanager211213.vcxproj", "{CD9C4AB1-1413-41F7-93CC-E9B800399640}"
EndProject
Project("{8BC9CEB8-8B4A-11D0-8D11-00A0C91BC942}") = "studentmanager211213_study", "studentmanager211213_study\studentmanager211213_study.vcxproj", "{BF2C86F2-7802-4629-A8A5-E34DB62FA9F3}"
EndProject
Project("{8BC9CEB8-8B4A-11D0-8D11-00A0C91BC942}") = "studentmanager211214_template", "studentmanager211214_template\studentmanager211214_template.vcxproj", "{98634850-22B2-4434-82AE-FFBBDE169294}"
EndProject
Project("{8BC9CEB8-8B4A-11D0-8D11-00A0C91BC942}") = "studentmanager211214_final_study", "studentmanager211214_final_study\studentmanager211214_final_study.vcxproj", "{87C8BF00-564D-4449-9DF1-28A2CF02CF34}"
EndProject
Project("{2150E333-8FDC-42A3-9474-1A3956D46DE8}") = "03. DataStructure", "03. DataStructure", "{6F8B7894-80D9-4E04-859C-3021EDB299E1}"
EndProject
Project("{8BC9CEB8-8B4A-11D0-8D11-00A0C91BC942}") = "BinarySearch", "BinarySearch\BinarySearch.vcxproj", "{E46C80FC-D5D3-4336-89A0-A5EDFA20AB05}"
EndProject
Project("{8BC9CEB8-8B4A-11D0-8D11-00A0C91BC942}") = "QuadTree", "QuadTree\QuadTree.vcxproj", "{83800AC1-F4F8-4B07-AEF8-DDA766EC0ED0}"
EndProject
Project("{8BC9CEB8-8B4A-11D0-8D11-00A0C91BC942}") = "Octree", "Octree\Octree\Octree.vcxproj", "{BB6D5429-0CD8-43A3-8A83-C5A240F052BC}"
EndProject
Project("{2150E333-8FDC-42A3-9474-1A3956D46DE8}") = "04. library", "04. library", "{E2CDC50F-9790-49D6-A416-6E2CAED585B6}"
EndProject
Project("{8BC9CEB8-8B4A-11D0-8D11-00A0C91BC942}") = "Window_1", "Window_1\Window_1.vcxproj", "{944719CB-865F-43D8-8E65-DAE32A44A641}"
EndProject
Project("{2150E333-8FDC-42A3-9474-1A3956D46DE8}") = "05. Socket_Server", "05. Socket_Server", "{FF16688F-49CD-442B-9514-19CF309798FC}"
EndProject
Project("{8BC9CEB8-8B4A-11D0-8D11-00A0C91BC942}") = "SocketClient", "SocketClient\SocketClient.vcxproj", "{2F796C51-DB45-406A-8F19-20A9E4475A8E}"
EndProject
Project("{2150E333-8FDC-42A3-9474-1A3956D46DE8}") = "1. echo", "1. echo", "{22098CE8-3E04-45D1-85E0-82D230FF418E}"
EndProject
Project("{8BC9CEB8-8B4A-11D0-8D11-00A0C91BC942}") = "SocketServer", "server\server.vcxproj", "{75DCCE27-FA75-409F-AED2-1873C4F0A74C}"
EndProject
Project("{2150E333-8FDC-42A3-9474-1A3956D46DE8}") = "2. chat", "2. chat", "{5BC02402-3821-472A-AAAD-1D192BE6792F}"
EndProject
Project("{2150E333-8FDC-42A3-9474-1A3956D46DE8}") = "3. packet", "3. packet", "{30E93AEB-61F9-4AEC-80D5-5C35A05E5087}"
EndProject
Project("{8BC9CEB8-8B4A-11D0-8D11-00A0C91BC942}") = "ClientChatting", "ClientChatting\ClientChatting.vcxproj", "{3336855F-4890-490A-9FF5-D6309EFC908C}"
EndProject
Project("{8BC9CEB8-8B4A-11D0-8D11-00A0C91BC942}") = "ServerChatting", "ServerChatting\ServerChatting.vcxproj", "{99D3DCBE-002D-4C89-943E-59308694FAB7}"
EndProject
Project("{8BC9CEB8-8B4A-11D0-8D11-00A0C91BC942}") = "Packet_Client", "Packet_Client\Packet_Client.vcxproj", "{BCAE4A00-EB9D-43A3-8A40-E78556A2E210}"
EndProject
Project("{8BC9CEB8-8B4A-11D0-8D11-00A0C91BC942}") = "Packet_Server", "Packet_Server\Packet_Server.vcxproj", "{DA39CD59-4954-4050-93DB-48E5619BBB2C}"
EndProject
Project("{2150E333-8FDC-42A3-9474-1A3956D46DE8}") = "4. thread", "4. thread", "{DE4F7C85-9EF2-42B6-B8AC-CD195FFE9F91}"
EndProject
Project("{8BC9CEB8-8B4A-11D0-8D11-00A0C91BC942}") = "Thread_Chatting_Client", "Thread_Chatting_Client\Thread_Chatting_Client.vcxproj", "{A9E46F39-6112-4C70-93A0-807052F7AA5D}"
EndProject
Project("{8BC9CEB8-8B4A-11D0-8D11-00A0C91BC942}") = "Thread_Chatting_Server", "Thread_Chatting_Server\Thread_Chatting_Server.vcxproj", "{BE76959F-8325-49FE-8E2A-F597F7A16506}"
EndProject
Project("{2150E333-8FDC-42A3-9474-1A3956D46DE8}") = "5. select", "5. select", "{6C018976-761D-4BE6-8AE3-3C0EED6B7A10}"
EndProject
Project("{8BC9CEB8-8B4A-11D0-8D11-00A0C91BC942}") = "Select_Client", "Select_Client\Select_Client.vcxproj", "{E4E2FF3D-D95E-4144-B61C-3CB8BBD7D8B7}"
EndProject
Project("{8BC9CEB8-8B4A-11D0-8D11-00A0C91BC942}") = "Select_Server", "Select_Server\Select_Server.vcxproj", "{11BE88B6-AAB3-4191-B534-41D6796F17AA}"
EndProject
Project("{8BC9CEB8-8B4A-11D0-8D11-00A0C91BC942}") = "CoreLib", "CoreLib\CoreLib.vcxproj", "{01D7E053-A5DD-423B-94F3-2638BC0BFD59}"
EndProject
Project("{8BC9CEB8-8B4A-11D0-8D11-00A0C91BC942}") = "CreateDevice_0", "CreateDevice_0\CreateDevice_0.vcxproj", "{B62BBE37-ACE4-4E5A-AC19-88AA1BCBDB04}"
EndProject
Project("{8BC9CEB8-8B4A-11D0-8D11-00A0C91BC942}") = "CreateVertexBuffer", "CreateVertexBuffer\CreateVertexBuffer.vcxproj", "{4CB384BA-3D48-4642-A6DD-D52364FE2EE3}"
EndProject
Project("{8BC9CEB8-8B4A-11D0-8D11-00A0C91BC942}") = "LibraryWin", "LibraryWin\LibraryWin.vcxproj", "{3F963F23-D00A-49FB-B2B5-AD5B1F80DFB9}"
EndProject
Project("{8BC9CEB8-8B4A-11D0-8D11-00A0C91BC942}") = "SampleLibrary", "SampleLibrary\SampleLibrary.vcxproj", "{82771927-04E7-453D-AD6A-2372B36D1ADF}"
EndProject
Project("{2150E333-8FDC-42A3-9474-1A3956D46DE8}") = "Server_Lib (06)", "Server_Lib (06)", "{F3F247EC-2366-49E6-8017-89E9E23CAB35}"
EndProject
Project("{8BC9CEB8-8B4A-11D0-8D11-00A0C91BC942}") = "CoreNet", "CoreNet\CoreNet.vcxproj", "{2BAD1EC1-6961-4E1A-AE81-9532C2C37481}"
EndProject
Project("{8BC9CEB8-8B4A-11D0-8D11-00A0C91BC942}") = "CoreServer", "CoreServer\CoreServer.vcxproj", "{F776FDBE-0630-4FAC-B2AB-CA03351DE203}"
EndProject
Project("{8BC9CEB8-8B4A-11D0-8D11-00A0C91BC942}") = "CoreNet_Sample", "CoreNet_Sample\CoreNet_Sample.vcxproj", "{C6ED4558-120C-4820-B23C-FD55F22BAB20}"
EndProject
Project("{8BC9CEB8-8B4A-11D0-8D11-00A0C91BC942}") = "CoreServer_Sample", "CoreServer_Sample\CoreServer_Sample.vcxproj", "{39DAFEC2-8FAB-4873-A3EE-524CCF9BC932}"
EndProject
Project("{2150E333-8FDC-42A3-9474-1A3956D46DE8}") = "07. AsyncIO", "07. AsyncIO", "{F370B60D-4E00-4056-A1E0-B97A1B21898A}"
EndProject
Project("{8BC9CEB8-8B4A-11D0-8D11-00A0C91BC942}") = "IOCP", "IOCP\IOCP.vcxproj", "{10039FA6-9752-46C4-B9E9-B4A19B265F0D}"
EndProject
Project("{8BC9CEB8-8B4A-11D0-8D11-00A0C91BC942}") = "CoreServerIOCP", "CoreServerIOCP\CoreServerIOCP.vcxproj", "{0923A4D7-CFCA-482A-BEF7-2991C6BAC992}"
EndProject
Project("{8BC9CEB8-8B4A-11D0-8D11-00A0C91BC942}") = "AsyncIO", "AsyncIO\AsyncIO.vcxproj", "{9D48EF6B-A404-44C4-A46A-93BAEA9F3495}"
EndProject
Project("{8BC9CEB8-8B4A-11D0-8D11-00A0C91BC942}") = "AsyncIOBlock", "AsyncIOBlock\AsyncIOBlock.vcxproj", "{4136AB0F-5A42-4796-9A8F-6F0757F0F57D}"
EndProject
Project("{2150E333-8FDC-42A3-9474-1A3956D46DE8}") = "과제", "과제", "{68C04BA8-5BC3-44BB-BAB0-5E4E98E07130}"
EndProject
Project("{8BC9CEB8-8B4A-11D0-8D11-00A0C91BC942}") = "Chatting_Server_lib", "Chatting_Server_lib\Chatting_Server_lib.vcxproj", "{0E2BF7B0-500C-487A-A7FE-EA4954C44B5C}"
EndProject
Project("{8BC9CEB8-8B4A-11D0-8D11-00A0C91BC942}") = "Chatting_Server", "Chatting_Server\Chatting_Server.vcxproj", "{BCD181CF-DECA-4221-A7B4-51CDDAA963FE}"
EndProject
Project("{2150E333-8FDC-42A3-9474-1A3956D46DE8}") = "08. UDP", "08. UDP", "{5B42DD8A-96C1-4DFA-AE40-908212165F01}"
EndProject
Project("{8BC9CEB8-8B4A-11D0-8D11-00A0C91BC942}") = "BroadcastHost", "BroadcastHost\BroadcastHost.vcxproj", "{41CBFD6F-1363-4044-89D8-456D9A04FEC9}"
EndProject
Project("{2150E333-8FDC-42A3-9474-1A3956D46DE8}") = "Broadcast", "Broadcast", "{257E17BE-E4F1-4A91-9081-60A99D84A0BA}"
EndProject
Project("{8BC9CEB8-8B4A-11D0-8D11-00A0C91BC942}") = "BroadcastReciver", "BroadcastReciver\BroadcastReciver.vcxproj", "{0666D38C-CA39-4E0F-AC9D-645689D711A5}"
EndProject
Project("{8BC9CEB8-8B4A-11D0-8D11-00A0C91BC942}") = "BroadcastSender", "BroadcastSender\BroadcastSender.vcxproj", "{67F19AA3-9CB4-44D9-A974-6D0CA4BF8050}"
EndProject
Project("{2150E333-8FDC-42A3-9474-1A3956D46DE8}") = "Multicast", "Multicast", "{0499E6F0-6453-4AAD-9C55-1465B014A07E}"
EndProject
Project("{8BC9CEB8-8B4A-11D0-8D11-00A0C91BC942}") = "MulticastHost", "MulticastHost\MulticastHost.vcxproj", "{578E628A-FCFE-4F7E-B6FA-FD98711EB473}"
EndProject
Project("{8BC9CEB8-8B4A-11D0-8D11-00A0C91BC942}") = "Chatting_Client", "Chatting_Client\Chatting_Client.vcxproj", "{45EAE00C-C686-463A-9A6B-F4FF5547AB53}"
EndProject
Project("{8BC9CEB8-8B4A-11D0-8D11-00A0C91BC942}") = "Chatting_Client_lib", "Chatting_Client_lib\Chatting_Client_lib.vcxproj", "{B3B275EE-FB2A-45DD-A91F-FBB1109ABB8B}"
EndProject
Project("{2150E333-8FDC-42A3-9474-1A3956D46DE8}") = "09. ODBC", "09. ODBC", "{ECCE4E54-B5C1-49F2-A622-485F6CDDE998}"
EndProject
Project("{8BC9CEB8-8B4A-11D0-8D11-00A0C91BC942}") = "ODBC_0", "ODCB_0\ODCB_0.vcxproj", "{122F5BD2-212E-43DB-A0D7-FBF90F046D11}"
EndProject
Project("{8BC9CEB8-8B4A-11D0-8D11-00A0C91BC942}") = "ODBC_1", "ODBC_1\ODBC_1.vcxproj", "{42EFADD1-50FC-4F44-B241-D533C8C5C220}"
EndProject
Project("{8BC9CEB8-8B4A-11D0-8D11-00A0C91BC942}") = "procedure_0", "procedure_0\procedure_0.vcxproj", "{656F391D-776F-4244-B7F3-FAF795644429}"
EndProject
Project("{2150E333-8FDC-42A3-9474-1A3956D46DE8}") = "과제1", "과제1", "{BDCD1D93-7EEF-4AF8-90EE-DDCDC2262556}"
EndProject
Project("{8BC9CEB8-8B4A-11D0-8D11-00A0C91BC942}") = "ODBC_lib", "ODBC_lib\ODBC_lib.vcxproj", "{F4C21C10-B840-471B-B1A5-759837DDD9DB}"
EndProject
Project("{8BC9CEB8-8B4A-11D0-8D11-00A0C91BC942}") = "ODBC", "ODBC\ODBC.vcxproj", "{00FEBA7D-71E8-4950-B769-15D46EB7F842}"
EndProject
Project("{2150E333-8FDC-42A3-9474-1A3956D46DE8}") = "DX", "DX", "{A789F8B6-EC5D-4792-9895-6700DA4F7772}"
EndProject
Project("{8BC9CEB8-8B4A-11D0-8D11-00A0C91BC942}") = "CoreClient", "CoreClient\CoreClient.vcxproj", "{F33DAFEA-98B1-4D12-9F15-18399593F4FC}"
EndProject
Project("{2150E333-8FDC-42A3-9474-1A3956D46DE8}") = "10. Demo", "10. Demo", "{190ECEC6-0B3D-48FF-ACB3-5ECA7E9EE142}"
EndProject
Project("{8BC9CEB8-8B4A-11D0-8D11-00A0C91BC942}") = "CoreClient_0", "CoreClient_0\CoreClient_0.vcxproj", "{42960BE7-4AA6-4C8B-B608-CACABE056530}"
EndProject
Project("{8BC9CEB8-8B4A-11D0-8D11-00A0C91BC942}") = "CoreClient_2", "CoreClient_2\CoreClient_2.vcxproj", "{D6044A68-3132-40E2-95DE-EEBDED79C98B}"
EndProject
Global
	GlobalSection(SolutionConfigurationPlatforms) = preSolution
		Debug|x64 = Debug|x64
		Debug|x86 = Debug|x86
		Release|x64 = Release|x64
		Release|x86 = Release|x86
	EndGlobalSection
	GlobalSection(ProjectConfigurationPlatforms) = postSolution
		{3EFABE94-42CD-4C8F-83F9-3350F9426D15}.Debug|x64.ActiveCfg = Debug|x64
		{3EFABE94-42CD-4C8F-83F9-3350F9426D15}.Debug|x64.Build.0 = Debug|x64
		{3EFABE94-42CD-4C8F-83F9-3350F9426D15}.Debug|x86.ActiveCfg = Debug|Win32
		{3EFABE94-42CD-4C8F-83F9-3350F9426D15}.Debug|x86.Build.0 = Debug|Win32
		{3EFABE94-42CD-4C8F-83F9-3350F9426D15}.Release|x64.ActiveCfg = Release|x64
		{3EFABE94-42CD-4C8F-83F9-3350F9426D15}.Release|x64.Build.0 = Release|x64
		{3EFABE94-42CD-4C8F-83F9-3350F9426D15}.Release|x86.ActiveCfg = Release|Win32
		{3EFABE94-42CD-4C8F-83F9-3350F9426D15}.Release|x86.Build.0 = Release|Win32
		{4D103874-3707-47D0-8666-4B921934888C}.Debug|x64.ActiveCfg = Debug|x64
		{4D103874-3707-47D0-8666-4B921934888C}.Debug|x64.Build.0 = Debug|x64
		{4D103874-3707-47D0-8666-4B921934888C}.Debug|x86.ActiveCfg = Debug|Win32
		{4D103874-3707-47D0-8666-4B921934888C}.Debug|x86.Build.0 = Debug|Win32
		{4D103874-3707-47D0-8666-4B921934888C}.Release|x64.ActiveCfg = Release|x64
		{4D103874-3707-47D0-8666-4B921934888C}.Release|x64.Build.0 = Release|x64
		{4D103874-3707-47D0-8666-4B921934888C}.Release|x86.ActiveCfg = Release|Win32
		{4D103874-3707-47D0-8666-4B921934888C}.Release|x86.Build.0 = Release|Win32
		{3078004E-923F-4269-8664-97C4F726D406}.Debug|x64.ActiveCfg = Debug|x64
		{3078004E-923F-4269-8664-97C4F726D406}.Debug|x64.Build.0 = Debug|x64
		{3078004E-923F-4269-8664-97C4F726D406}.Debug|x86.ActiveCfg = Debug|Win32
		{3078004E-923F-4269-8664-97C4F726D406}.Debug|x86.Build.0 = Debug|Win32
		{3078004E-923F-4269-8664-97C4F726D406}.Release|x64.ActiveCfg = Release|x64
		{3078004E-923F-4269-8664-97C4F726D406}.Release|x64.Build.0 = Release|x64
		{3078004E-923F-4269-8664-97C4F726D406}.Release|x86.ActiveCfg = Release|Win32
		{3078004E-923F-4269-8664-97C4F726D406}.Release|x86.Build.0 = Release|Win32
		{4A1DE087-734C-46A4-A4B6-A2B6AB8A53AC}.Debug|x64.ActiveCfg = Debug|x64
		{4A1DE087-734C-46A4-A4B6-A2B6AB8A53AC}.Debug|x64.Build.0 = Debug|x64
		{4A1DE087-734C-46A4-A4B6-A2B6AB8A53AC}.Debug|x86.ActiveCfg = Debug|Win32
		{4A1DE087-734C-46A4-A4B6-A2B6AB8A53AC}.Debug|x86.Build.0 = Debug|Win32
		{4A1DE087-734C-46A4-A4B6-A2B6AB8A53AC}.Release|x64.ActiveCfg = Release|x64
		{4A1DE087-734C-46A4-A4B6-A2B6AB8A53AC}.Release|x64.Build.0 = Release|x64
		{4A1DE087-734C-46A4-A4B6-A2B6AB8A53AC}.Release|x86.ActiveCfg = Release|Win32
		{4A1DE087-734C-46A4-A4B6-A2B6AB8A53AC}.Release|x86.Build.0 = Release|Win32
		{D88DBED5-4B03-4B2E-BB8E-8CFD409AAEEA}.Debug|x64.ActiveCfg = Debug|x64
		{D88DBED5-4B03-4B2E-BB8E-8CFD409AAEEA}.Debug|x64.Build.0 = Debug|x64
		{D88DBED5-4B03-4B2E-BB8E-8CFD409AAEEA}.Debug|x86.ActiveCfg = Debug|Win32
		{D88DBED5-4B03-4B2E-BB8E-8CFD409AAEEA}.Debug|x86.Build.0 = Debug|Win32
		{D88DBED5-4B03-4B2E-BB8E-8CFD409AAEEA}.Release|x64.ActiveCfg = Release|x64
		{D88DBED5-4B03-4B2E-BB8E-8CFD409AAEEA}.Release|x64.Build.0 = Release|x64
		{D88DBED5-4B03-4B2E-BB8E-8CFD409AAEEA}.Release|x86.ActiveCfg = Release|Win32
		{D88DBED5-4B03-4B2E-BB8E-8CFD409AAEEA}.Release|x86.Build.0 = Release|Win32
		{44BE8B7F-DAD6-4D04-A827-32E34F8C12C0}.Debug|x64.ActiveCfg = Debug|x64
		{44BE8B7F-DAD6-4D04-A827-32E34F8C12C0}.Debug|x64.Build.0 = Debug|x64
		{44BE8B7F-DAD6-4D04-A827-32E34F8C12C0}.Debug|x86.ActiveCfg = Debug|Win32
		{44BE8B7F-DAD6-4D04-A827-32E34F8C12C0}.Debug|x86.Build.0 = Debug|Win32
		{44BE8B7F-DAD6-4D04-A827-32E34F8C12C0}.Release|x64.ActiveCfg = Release|x64
		{44BE8B7F-DAD6-4D04-A827-32E34F8C12C0}.Release|x64.Build.0 = Release|x64
		{44BE8B7F-DAD6-4D04-A827-32E34F8C12C0}.Release|x86.ActiveCfg = Release|Win32
		{44BE8B7F-DAD6-4D04-A827-32E34F8C12C0}.Release|x86.Build.0 = Release|Win32
		{9450C999-E182-4B8C-B48A-23DE91DD28F0}.Debug|x64.ActiveCfg = Debug|x64
		{9450C999-E182-4B8C-B48A-23DE91DD28F0}.Debug|x64.Build.0 = Debug|x64
		{9450C999-E182-4B8C-B48A-23DE91DD28F0}.Debug|x86.ActiveCfg = Debug|Win32
		{9450C999-E182-4B8C-B48A-23DE91DD28F0}.Debug|x86.Build.0 = Debug|Win32
		{9450C999-E182-4B8C-B48A-23DE91DD28F0}.Release|x64.ActiveCfg = Release|x64
		{9450C999-E182-4B8C-B48A-23DE91DD28F0}.Release|x64.Build.0 = Release|x64
		{9450C999-E182-4B8C-B48A-23DE91DD28F0}.Release|x86.ActiveCfg = Release|Win32
		{9450C999-E182-4B8C-B48A-23DE91DD28F0}.Release|x86.Build.0 = Release|Win32
		{8C4BB5F9-0660-4ECF-A0D9-6E6C89552512}.Debug|x64.ActiveCfg = Debug|x64
		{8C4BB5F9-0660-4ECF-A0D9-6E6C89552512}.Debug|x64.Build.0 = Debug|x64
		{8C4BB5F9-0660-4ECF-A0D9-6E6C89552512}.Debug|x86.ActiveCfg = Debug|Win32
		{8C4BB5F9-0660-4ECF-A0D9-6E6C89552512}.Debug|x86.Build.0 = Debug|Win32
		{8C4BB5F9-0660-4ECF-A0D9-6E6C89552512}.Release|x64.ActiveCfg = Release|x64
		{8C4BB5F9-0660-4ECF-A0D9-6E6C89552512}.Release|x64.Build.0 = Release|x64
		{8C4BB5F9-0660-4ECF-A0D9-6E6C89552512}.Release|x86.ActiveCfg = Release|Win32
		{8C4BB5F9-0660-4ECF-A0D9-6E6C89552512}.Release|x86.Build.0 = Release|Win32
		{CD9C4AB1-1413-41F7-93CC-E9B800399640}.Debug|x64.ActiveCfg = Debug|x64
		{CD9C4AB1-1413-41F7-93CC-E9B800399640}.Debug|x64.Build.0 = Debug|x64
		{CD9C4AB1-1413-41F7-93CC-E9B800399640}.Debug|x86.ActiveCfg = Debug|Win32
		{CD9C4AB1-1413-41F7-93CC-E9B800399640}.Debug|x86.Build.0 = Debug|Win32
		{CD9C4AB1-1413-41F7-93CC-E9B800399640}.Release|x64.ActiveCfg = Release|x64
		{CD9C4AB1-1413-41F7-93CC-E9B800399640}.Release|x64.Build.0 = Release|x64
		{CD9C4AB1-1413-41F7-93CC-E9B800399640}.Release|x86.ActiveCfg = Release|Win32
		{CD9C4AB1-1413-41F7-93CC-E9B800399640}.Release|x86.Build.0 = Release|Win32
		{BF2C86F2-7802-4629-A8A5-E34DB62FA9F3}.Debug|x64.ActiveCfg = Debug|x64
		{BF2C86F2-7802-4629-A8A5-E34DB62FA9F3}.Debug|x64.Build.0 = Debug|x64
		{BF2C86F2-7802-4629-A8A5-E34DB62FA9F3}.Debug|x86.ActiveCfg = Debug|Win32
		{BF2C86F2-7802-4629-A8A5-E34DB62FA9F3}.Debug|x86.Build.0 = Debug|Win32
		{BF2C86F2-7802-4629-A8A5-E34DB62FA9F3}.Release|x64.ActiveCfg = Release|x64
		{BF2C86F2-7802-4629-A8A5-E34DB62FA9F3}.Release|x64.Build.0 = Release|x64
		{BF2C86F2-7802-4629-A8A5-E34DB62FA9F3}.Release|x86.ActiveCfg = Release|Win32
		{BF2C86F2-7802-4629-A8A5-E34DB62FA9F3}.Release|x86.Build.0 = Release|Win32
		{98634850-22B2-4434-82AE-FFBBDE169294}.Debug|x64.ActiveCfg = Debug|x64
		{98634850-22B2-4434-82AE-FFBBDE169294}.Debug|x64.Build.0 = Debug|x64
		{98634850-22B2-4434-82AE-FFBBDE169294}.Debug|x86.ActiveCfg = Debug|Win32
		{98634850-22B2-4434-82AE-FFBBDE169294}.Debug|x86.Build.0 = Debug|Win32
		{98634850-22B2-4434-82AE-FFBBDE169294}.Release|x64.ActiveCfg = Release|x64
		{98634850-22B2-4434-82AE-FFBBDE169294}.Release|x64.Build.0 = Release|x64
		{98634850-22B2-4434-82AE-FFBBDE169294}.Release|x86.ActiveCfg = Release|Win32
		{98634850-22B2-4434-82AE-FFBBDE169294}.Release|x86.Build.0 = Release|Win32
		{87C8BF00-564D-4449-9DF1-28A2CF02CF34}.Debug|x64.ActiveCfg = Debug|x64
		{87C8BF00-564D-4449-9DF1-28A2CF02CF34}.Debug|x64.Build.0 = Debug|x64
		{87C8BF00-564D-4449-9DF1-28A2CF02CF34}.Debug|x86.ActiveCfg = Debug|Win32
		{87C8BF00-564D-4449-9DF1-28A2CF02CF34}.Debug|x86.Build.0 = Debug|Win32
		{87C8BF00-564D-4449-9DF1-28A2CF02CF34}.Release|x64.ActiveCfg = Release|x64
		{87C8BF00-564D-4449-9DF1-28A2CF02CF34}.Release|x64.Build.0 = Release|x64
		{87C8BF00-564D-4449-9DF1-28A2CF02CF34}.Release|x86.ActiveCfg = Release|Win32
		{87C8BF00-564D-4449-9DF1-28A2CF02CF34}.Release|x86.Build.0 = Release|Win32
		{E46C80FC-D5D3-4336-89A0-A5EDFA20AB05}.Debug|x64.ActiveCfg = Debug|x64
		{E46C80FC-D5D3-4336-89A0-A5EDFA20AB05}.Debug|x64.Build.0 = Debug|x64
		{E46C80FC-D5D3-4336-89A0-A5EDFA20AB05}.Debug|x86.ActiveCfg = Debug|Win32
		{E46C80FC-D5D3-4336-89A0-A5EDFA20AB05}.Debug|x86.Build.0 = Debug|Win32
		{E46C80FC-D5D3-4336-89A0-A5EDFA20AB05}.Release|x64.ActiveCfg = Release|x64
		{E46C80FC-D5D3-4336-89A0-A5EDFA20AB05}.Release|x64.Build.0 = Release|x64
		{E46C80FC-D5D3-4336-89A0-A5EDFA20AB05}.Release|x86.ActiveCfg = Release|Win32
		{E46C80FC-D5D3-4336-89A0-A5EDFA20AB05}.Release|x86.Build.0 = Release|Win32
		{83800AC1-F4F8-4B07-AEF8-DDA766EC0ED0}.Debug|x64.ActiveCfg = Debug|x64
		{83800AC1-F4F8-4B07-AEF8-DDA766EC0ED0}.Debug|x64.Build.0 = Debug|x64
		{83800AC1-F4F8-4B07-AEF8-DDA766EC0ED0}.Debug|x86.ActiveCfg = Debug|Win32
		{83800AC1-F4F8-4B07-AEF8-DDA766EC0ED0}.Debug|x86.Build.0 = Debug|Win32
		{83800AC1-F4F8-4B07-AEF8-DDA766EC0ED0}.Release|x64.ActiveCfg = Release|x64
		{83800AC1-F4F8-4B07-AEF8-DDA766EC0ED0}.Release|x64.Build.0 = Release|x64
		{83800AC1-F4F8-4B07-AEF8-DDA766EC0ED0}.Release|x86.ActiveCfg = Release|Win32
		{83800AC1-F4F8-4B07-AEF8-DDA766EC0ED0}.Release|x86.Build.0 = Release|Win32
		{BB6D5429-0CD8-43A3-8A83-C5A240F052BC}.Debug|x64.ActiveCfg = Debug|x64
		{BB6D5429-0CD8-43A3-8A83-C5A240F052BC}.Debug|x64.Build.0 = Debug|x64
		{BB6D5429-0CD8-43A3-8A83-C5A240F052BC}.Debug|x86.ActiveCfg = Debug|Win32
		{BB6D5429-0CD8-43A3-8A83-C5A240F052BC}.Debug|x86.Build.0 = Debug|Win32
		{BB6D5429-0CD8-43A3-8A83-C5A240F052BC}.Release|x64.ActiveCfg = Release|x64
		{BB6D5429-0CD8-43A3-8A83-C5A240F052BC}.Release|x64.Build.0 = Release|x64
		{BB6D5429-0CD8-43A3-8A83-C5A240F052BC}.Release|x86.ActiveCfg = Release|Win32
		{BB6D5429-0CD8-43A3-8A83-C5A240F052BC}.Release|x86.Build.0 = Release|Win32
		{944719CB-865F-43D8-8E65-DAE32A44A641}.Debug|x64.ActiveCfg = Debug|x64
		{944719CB-865F-43D8-8E65-DAE32A44A641}.Debug|x64.Build.0 = Debug|x64
		{944719CB-865F-43D8-8E65-DAE32A44A641}.Debug|x86.ActiveCfg = Debug|Win32
		{944719CB-865F-43D8-8E65-DAE32A44A641}.Debug|x86.Build.0 = Debug|Win32
		{944719CB-865F-43D8-8E65-DAE32A44A641}.Release|x64.ActiveCfg = Release|x64
		{944719CB-865F-43D8-8E65-DAE32A44A641}.Release|x64.Build.0 = Release|x64
		{944719CB-865F-43D8-8E65-DAE32A44A641}.Release|x86.ActiveCfg = Release|Win32
		{944719CB-865F-43D8-8E65-DAE32A44A641}.Release|x86.Build.0 = Release|Win32
		{2F796C51-DB45-406A-8F19-20A9E4475A8E}.Debug|x64.ActiveCfg = Debug|x64
		{2F796C51-DB45-406A-8F19-20A9E4475A8E}.Debug|x64.Build.0 = Debug|x64
		{2F796C51-DB45-406A-8F19-20A9E4475A8E}.Debug|x86.ActiveCfg = Debug|Win32
		{2F796C51-DB45-406A-8F19-20A9E4475A8E}.Debug|x86.Build.0 = Debug|Win32
		{2F796C51-DB45-406A-8F19-20A9E4475A8E}.Release|x64.ActiveCfg = Release|x64
		{2F796C51-DB45-406A-8F19-20A9E4475A8E}.Release|x64.Build.0 = Release|x64
		{2F796C51-DB45-406A-8F19-20A9E4475A8E}.Release|x86.ActiveCfg = Release|Win32
		{2F796C51-DB45-406A-8F19-20A9E4475A8E}.Release|x86.Build.0 = Release|Win32
		{75DCCE27-FA75-409F-AED2-1873C4F0A74C}.Debug|x64.ActiveCfg = Debug|x64
		{75DCCE27-FA75-409F-AED2-1873C4F0A74C}.Debug|x64.Build.0 = Debug|x64
		{75DCCE27-FA75-409F-AED2-1873C4F0A74C}.Debug|x86.ActiveCfg = Debug|Win32
		{75DCCE27-FA75-409F-AED2-1873C4F0A74C}.Debug|x86.Build.0 = Debug|Win32
		{75DCCE27-FA75-409F-AED2-1873C4F0A74C}.Release|x64.ActiveCfg = Release|x64
		{75DCCE27-FA75-409F-AED2-1873C4F0A74C}.Release|x64.Build.0 = Release|x64
		{75DCCE27-FA75-409F-AED2-1873C4F0A74C}.Release|x86.ActiveCfg = Release|Win32
		{75DCCE27-FA75-409F-AED2-1873C4F0A74C}.Release|x86.Build.0 = Release|Win32
		{3336855F-4890-490A-9FF5-D6309EFC908C}.Debug|x64.ActiveCfg = Debug|x64
		{3336855F-4890-490A-9FF5-D6309EFC908C}.Debug|x64.Build.0 = Debug|x64
		{3336855F-4890-490A-9FF5-D6309EFC908C}.Debug|x86.ActiveCfg = Debug|Win32
		{3336855F-4890-490A-9FF5-D6309EFC908C}.Debug|x86.Build.0 = Debug|Win32
		{3336855F-4890-490A-9FF5-D6309EFC908C}.Release|x64.ActiveCfg = Release|x64
		{3336855F-4890-490A-9FF5-D6309EFC908C}.Release|x64.Build.0 = Release|x64
		{3336855F-4890-490A-9FF5-D6309EFC908C}.Release|x86.ActiveCfg = Release|Win32
		{3336855F-4890-490A-9FF5-D6309EFC908C}.Release|x86.Build.0 = Release|Win32
		{99D3DCBE-002D-4C89-943E-59308694FAB7}.Debug|x64.ActiveCfg = Debug|x64
		{99D3DCBE-002D-4C89-943E-59308694FAB7}.Debug|x64.Build.0 = Debug|x64
		{99D3DCBE-002D-4C89-943E-59308694FAB7}.Debug|x86.ActiveCfg = Debug|Win32
		{99D3DCBE-002D-4C89-943E-59308694FAB7}.Debug|x86.Build.0 = Debug|Win32
		{99D3DCBE-002D-4C89-943E-59308694FAB7}.Release|x64.ActiveCfg = Release|x64
		{99D3DCBE-002D-4C89-943E-59308694FAB7}.Release|x64.Build.0 = Release|x64
		{99D3DCBE-002D-4C89-943E-59308694FAB7}.Release|x86.ActiveCfg = Release|Win32
		{99D3DCBE-002D-4C89-943E-59308694FAB7}.Release|x86.Build.0 = Release|Win32
		{BCAE4A00-EB9D-43A3-8A40-E78556A2E210}.Debug|x64.ActiveCfg = Debug|x64
		{BCAE4A00-EB9D-43A3-8A40-E78556A2E210}.Debug|x64.Build.0 = Debug|x64
		{BCAE4A00-EB9D-43A3-8A40-E78556A2E210}.Debug|x86.ActiveCfg = Debug|Win32
		{BCAE4A00-EB9D-43A3-8A40-E78556A2E210}.Debug|x86.Build.0 = Debug|Win32
		{BCAE4A00-EB9D-43A3-8A40-E78556A2E210}.Release|x64.ActiveCfg = Release|x64
		{BCAE4A00-EB9D-43A3-8A40-E78556A2E210}.Release|x64.Build.0 = Release|x64
		{BCAE4A00-EB9D-43A3-8A40-E78556A2E210}.Release|x86.ActiveCfg = Release|Win32
		{BCAE4A00-EB9D-43A3-8A40-E78556A2E210}.Release|x86.Build.0 = Release|Win32
		{DA39CD59-4954-4050-93DB-48E5619BBB2C}.Debug|x64.ActiveCfg = Debug|x64
		{DA39CD59-4954-4050-93DB-48E5619BBB2C}.Debug|x64.Build.0 = Debug|x64
		{DA39CD59-4954-4050-93DB-48E5619BBB2C}.Debug|x86.ActiveCfg = Debug|Win32
		{DA39CD59-4954-4050-93DB-48E5619BBB2C}.Debug|x86.Build.0 = Debug|Win32
		{DA39CD59-4954-4050-93DB-48E5619BBB2C}.Release|x64.ActiveCfg = Release|x64
		{DA39CD59-4954-4050-93DB-48E5619BBB2C}.Release|x64.Build.0 = Release|x64
		{DA39CD59-4954-4050-93DB-48E5619BBB2C}.Release|x86.ActiveCfg = Release|Win32
		{DA39CD59-4954-4050-93DB-48E5619BBB2C}.Release|x86.Build.0 = Release|Win32
		{A9E46F39-6112-4C70-93A0-807052F7AA5D}.Debug|x64.ActiveCfg = Debug|x64
		{A9E46F39-6112-4C70-93A0-807052F7AA5D}.Debug|x64.Build.0 = Debug|x64
		{A9E46F39-6112-4C70-93A0-807052F7AA5D}.Debug|x86.ActiveCfg = Debug|Win32
		{A9E46F39-6112-4C70-93A0-807052F7AA5D}.Debug|x86.Build.0 = Debug|Win32
		{A9E46F39-6112-4C70-93A0-807052F7AA5D}.Release|x64.ActiveCfg = Release|x64
		{A9E46F39-6112-4C70-93A0-807052F7AA5D}.Release|x64.Build.0 = Release|x64
		{A9E46F39-6112-4C70-93A0-807052F7AA5D}.Release|x86.ActiveCfg = Release|Win32
		{A9E46F39-6112-4C70-93A0-807052F7AA5D}.Release|x86.Build.0 = Release|Win32
		{BE76959F-8325-49FE-8E2A-F597F7A16506}.Debug|x64.ActiveCfg = Debug|x64
		{BE76959F-8325-49FE-8E2A-F597F7A16506}.Debug|x64.Build.0 = Debug|x64
		{BE76959F-8325-49FE-8E2A-F597F7A16506}.Debug|x86.ActiveCfg = Debug|Win32
		{BE76959F-8325-49FE-8E2A-F597F7A16506}.Debug|x86.Build.0 = Debug|Win32
		{BE76959F-8325-49FE-8E2A-F597F7A16506}.Release|x64.ActiveCfg = Release|x64
		{BE76959F-8325-49FE-8E2A-F597F7A16506}.Release|x64.Build.0 = Release|x64
		{BE76959F-8325-49FE-8E2A-F597F7A16506}.Release|x86.ActiveCfg = Release|Win32
		{BE76959F-8325-49FE-8E2A-F597F7A16506}.Release|x86.Build.0 = Release|Win32
		{E4E2FF3D-D95E-4144-B61C-3CB8BBD7D8B7}.Debug|x64.ActiveCfg = Debug|x64
		{E4E2FF3D-D95E-4144-B61C-3CB8BBD7D8B7}.Debug|x64.Build.0 = Debug|x64
		{E4E2FF3D-D95E-4144-B61C-3CB8BBD7D8B7}.Debug|x86.ActiveCfg = Debug|Win32
		{E4E2FF3D-D95E-4144-B61C-3CB8BBD7D8B7}.Debug|x86.Build.0 = Debug|Win32
		{E4E2FF3D-D95E-4144-B61C-3CB8BBD7D8B7}.Release|x64.ActiveCfg = Release|x64
		{E4E2FF3D-D95E-4144-B61C-3CB8BBD7D8B7}.Release|x64.Build.0 = Release|x64
		{E4E2FF3D-D95E-4144-B61C-3CB8BBD7D8B7}.Release|x86.ActiveCfg = Release|Win32
		{E4E2FF3D-D95E-4144-B61C-3CB8BBD7D8B7}.Release|x86.Build.0 = Release|Win32
		{11BE88B6-AAB3-4191-B534-41D6796F17AA}.Debug|x64.ActiveCfg = Debug|x64
		{11BE88B6-AAB3-4191-B534-41D6796F17AA}.Debug|x64.Build.0 = Debug|x64
		{11BE88B6-AAB3-4191-B534-41D6796F17AA}.Debug|x86.ActiveCfg = Debug|Win32
		{11BE88B6-AAB3-4191-B534-41D6796F17AA}.Debug|x86.Build.0 = Debug|Win32
		{11BE88B6-AAB3-4191-B534-41D6796F17AA}.Release|x64.ActiveCfg = Release|x64
		{11BE88B6-AAB3-4191-B534-41D6796F17AA}.Release|x64.Build.0 = Release|x64
		{11BE88B6-AAB3-4191-B534-41D6796F17AA}.Release|x86.ActiveCfg = Release|Win32
		{11BE88B6-AAB3-4191-B534-41D6796F17AA}.Release|x86.Build.0 = Release|Win32
		{01D7E053-A5DD-423B-94F3-2638BC0BFD59}.Debug|x64.ActiveCfg = Debug|x64
		{01D7E053-A5DD-423B-94F3-2638BC0BFD59}.Debug|x64.Build.0 = Debug|x64
		{01D7E053-A5DD-423B-94F3-2638BC0BFD59}.Debug|x86.ActiveCfg = Debug|Win32
		{01D7E053-A5DD-423B-94F3-2638BC0BFD59}.Debug|x86.Build.0 = Debug|Win32
		{01D7E053-A5DD-423B-94F3-2638BC0BFD59}.Release|x64.ActiveCfg = Release|x64
		{01D7E053-A5DD-423B-94F3-2638BC0BFD59}.Release|x64.Build.0 = Release|x64
		{01D7E053-A5DD-423B-94F3-2638BC0BFD59}.Release|x86.ActiveCfg = Release|Win32
		{01D7E053-A5DD-423B-94F3-2638BC0BFD59}.Release|x86.Build.0 = Release|Win32
		{B62BBE37-ACE4-4E5A-AC19-88AA1BCBDB04}.Debug|x64.ActiveCfg = Debug|x64
		{B62BBE37-ACE4-4E5A-AC19-88AA1BCBDB04}.Debug|x64.Build.0 = Debug|x64
		{B62BBE37-ACE4-4E5A-AC19-88AA1BCBDB04}.Debug|x86.ActiveCfg = Debug|Win32
		{B62BBE37-ACE4-4E5A-AC19-88AA1BCBDB04}.Debug|x86.Build.0 = Debug|Win32
		{B62BBE37-ACE4-4E5A-AC19-88AA1BCBDB04}.Release|x64.ActiveCfg = Release|x64
		{B62BBE37-ACE4-4E5A-AC19-88AA1BCBDB04}.Release|x64.Build.0 = Release|x64
		{B62BBE37-ACE4-4E5A-AC19-88AA1BCBDB04}.Release|x86.ActiveCfg = Release|Win32
		{B62BBE37-ACE4-4E5A-AC19-88AA1BCBDB04}.Release|x86.Build.0 = Release|Win32
		{4CB384BA-3D48-4642-A6DD-D52364FE2EE3}.Debug|x64.ActiveCfg = Debug|x64
		{4CB384BA-3D48-4642-A6DD-D52364FE2EE3}.Debug|x64.Build.0 = Debug|x64
		{4CB384BA-3D48-4642-A6DD-D52364FE2EE3}.Debug|x86.ActiveCfg = Debug|Win32
		{4CB384BA-3D48-4642-A6DD-D52364FE2EE3}.Debug|x86.Build.0 = Debug|Win32
		{4CB384BA-3D48-4642-A6DD-D52364FE2EE3}.Release|x64.ActiveCfg = Release|x64
		{4CB384BA-3D48-4642-A6DD-D52364FE2EE3}.Release|x64.Build.0 = Release|x64
		{4CB384BA-3D48-4642-A6DD-D52364FE2EE3}.Release|x86.ActiveCfg = Release|Win32
		{4CB384BA-3D48-4642-A6DD-D52364FE2EE3}.Release|x86.Build.0 = Release|Win32
		{3F963F23-D00A-49FB-B2B5-AD5B1F80DFB9}.Debug|x64.ActiveCfg = Debug|x64
		{3F963F23-D00A-49FB-B2B5-AD5B1F80DFB9}.Debug|x64.Build.0 = Debug|x64
		{3F963F23-D00A-49FB-B2B5-AD5B1F80DFB9}.Debug|x86.ActiveCfg = Debug|Win32
		{3F963F23-D00A-49FB-B2B5-AD5B1F80DFB9}.Debug|x86.Build.0 = Debug|Win32
		{3F963F23-D00A-49FB-B2B5-AD5B1F80DFB9}.Release|x64.ActiveCfg = Release|x64
		{3F963F23-D00A-49FB-B2B5-AD5B1F80DFB9}.Release|x64.Build.0 = Release|x64
		{3F963F23-D00A-49FB-B2B5-AD5B1F80DFB9}.Release|x86.ActiveCfg = Release|Win32
		{3F963F23-D00A-49FB-B2B5-AD5B1F80DFB9}.Release|x86.Build.0 = Release|Win32
		{82771927-04E7-453D-AD6A-2372B36D1ADF}.Debug|x64.ActiveCfg = Debug|x64
		{82771927-04E7-453D-AD6A-2372B36D1ADF}.Debug|x64.Build.0 = Debug|x64
		{82771927-04E7-453D-AD6A-2372B36D1ADF}.Debug|x86.ActiveCfg = Debug|Win32
		{82771927-04E7-453D-AD6A-2372B36D1ADF}.Debug|x86.Build.0 = Debug|Win32
		{82771927-04E7-453D-AD6A-2372B36D1ADF}.Release|x64.ActiveCfg = Release|x64
		{82771927-04E7-453D-AD6A-2372B36D1ADF}.Release|x64.Build.0 = Release|x64
		{82771927-04E7-453D-AD6A-2372B36D1ADF}.Release|x86.ActiveCfg = Release|Win32
		{82771927-04E7-453D-AD6A-2372B36D1ADF}.Release|x86.Build.0 = Release|Win32
		{2BAD1EC1-6961-4E1A-AE81-9532C2C37481}.Debug|x64.ActiveCfg = Debug|x64
		{2BAD1EC1-6961-4E1A-AE81-9532C2C37481}.Debug|x64.Build.0 = Debug|x64
		{2BAD1EC1-6961-4E1A-AE81-9532C2C37481}.Debug|x86.ActiveCfg = Debug|Win32
		{2BAD1EC1-6961-4E1A-AE81-9532C2C37481}.Debug|x86.Build.0 = Debug|Win32
		{2BAD1EC1-6961-4E1A-AE81-9532C2C37481}.Release|x64.ActiveCfg = Release|x64
		{2BAD1EC1-6961-4E1A-AE81-9532C2C37481}.Release|x64.Build.0 = Release|x64
		{2BAD1EC1-6961-4E1A-AE81-9532C2C37481}.Release|x86.ActiveCfg = Release|Win32
		{2BAD1EC1-6961-4E1A-AE81-9532C2C37481}.Release|x86.Build.0 = Release|Win32
		{F776FDBE-0630-4FAC-B2AB-CA03351DE203}.Debug|x64.ActiveCfg = Debug|x64
		{F776FDBE-0630-4FAC-B2AB-CA03351DE203}.Debug|x64.Build.0 = Debug|x64
		{F776FDBE-0630-4FAC-B2AB-CA03351DE203}.Debug|x86.ActiveCfg = Debug|Win32
		{F776FDBE-0630-4FAC-B2AB-CA03351DE203}.Debug|x86.Build.0 = Debug|Win32
		{F776FDBE-0630-4FAC-B2AB-CA03351DE203}.Release|x64.ActiveCfg = Release|x64
		{F776FDBE-0630-4FAC-B2AB-CA03351DE203}.Release|x64.Build.0 = Release|x64
		{F776FDBE-0630-4FAC-B2AB-CA03351DE203}.Release|x86.ActiveCfg = Release|Win32
		{F776FDBE-0630-4FAC-B2AB-CA03351DE203}.Release|x86.Build.0 = Release|Win32
		{C6ED4558-120C-4820-B23C-FD55F22BAB20}.Debug|x64.ActiveCfg = Debug|x64
		{C6ED4558-120C-4820-B23C-FD55F22BAB20}.Debug|x64.Build.0 = Debug|x64
		{C6ED4558-120C-4820-B23C-FD55F22BAB20}.Debug|x86.ActiveCfg = Debug|Win32
		{C6ED4558-120C-4820-B23C-FD55F22BAB20}.Debug|x86.Build.0 = Debug|Win32
		{C6ED4558-120C-4820-B23C-FD55F22BAB20}.Release|x64.ActiveCfg = Release|x64
		{C6ED4558-120C-4820-B23C-FD55F22BAB20}.Release|x64.Build.0 = Release|x64
		{C6ED4558-120C-4820-B23C-FD55F22BAB20}.Release|x86.ActiveCfg = Release|Win32
		{C6ED4558-120C-4820-B23C-FD55F22BAB20}.Release|x86.Build.0 = Release|Win32
		{39DAFEC2-8FAB-4873-A3EE-524CCF9BC932}.Debug|x64.ActiveCfg = Debug|x64
		{39DAFEC2-8FAB-4873-A3EE-524CCF9BC932}.Debug|x64.Build.0 = Debug|x64
		{39DAFEC2-8FAB-4873-A3EE-524CCF9BC932}.Debug|x86.ActiveCfg = Debug|Win32
		{39DAFEC2-8FAB-4873-A3EE-524CCF9BC932}.Debug|x86.Build.0 = Debug|Win32
		{39DAFEC2-8FAB-4873-A3EE-524CCF9BC932}.Release|x64.ActiveCfg = Release|x64
		{39DAFEC2-8FAB-4873-A3EE-524CCF9BC932}.Release|x64.Build.0 = Release|x64
		{39DAFEC2-8FAB-4873-A3EE-524CCF9BC932}.Release|x86.ActiveCfg = Release|Win32
		{39DAFEC2-8FAB-4873-A3EE-524CCF9BC932}.Release|x86.Build.0 = Release|Win32
		{10039FA6-9752-46C4-B9E9-B4A19B265F0D}.Debug|x64.ActiveCfg = Debug|x64
		{10039FA6-9752-46C4-B9E9-B4A19B265F0D}.Debug|x64.Build.0 = Debug|x64
		{10039FA6-9752-46C4-B9E9-B4A19B265F0D}.Debug|x86.ActiveCfg = Debug|Win32
		{10039FA6-9752-46C4-B9E9-B4A19B265F0D}.Debug|x86.Build.0 = Debug|Win32
		{10039FA6-9752-46C4-B9E9-B4A19B265F0D}.Release|x64.ActiveCfg = Release|x64
		{10039FA6-9752-46C4-B9E9-B4A19B265F0D}.Release|x64.Build.0 = Release|x64
		{10039FA6-9752-46C4-B9E9-B4A19B265F0D}.Release|x86.ActiveCfg = Release|Win32
		{10039FA6-9752-46C4-B9E9-B4A19B265F0D}.Release|x86.Build.0 = Release|Win32
		{0923A4D7-CFCA-482A-BEF7-2991C6BAC992}.Debug|x64.ActiveCfg = Debug|x64
		{0923A4D7-CFCA-482A-BEF7-2991C6BAC992}.Debug|x64.Build.0 = Debug|x64
		{0923A4D7-CFCA-482A-BEF7-2991C6BAC992}.Debug|x86.ActiveCfg = Debug|Win32
		{0923A4D7-CFCA-482A-BEF7-2991C6BAC992}.Debug|x86.Build.0 = Debug|Win32
		{0923A4D7-CFCA-482A-BEF7-2991C6BAC992}.Release|x64.ActiveCfg = Release|x64
		{0923A4D7-CFCA-482A-BEF7-2991C6BAC992}.Release|x64.Build.0 = Release|x64
		{0923A4D7-CFCA-482A-BEF7-2991C6BAC992}.Release|x86.ActiveCfg = Release|Win32
		{0923A4D7-CFCA-482A-BEF7-2991C6BAC992}.Release|x86.Build.0 = Release|Win32
		{9D48EF6B-A404-44C4-A46A-93BAEA9F3495}.Debug|x64.ActiveCfg = Debug|x64
		{9D48EF6B-A404-44C4-A46A-93BAEA9F3495}.Debug|x64.Build.0 = Debug|x64
		{9D48EF6B-A404-44C4-A46A-93BAEA9F3495}.Debug|x86.ActiveCfg = Debug|Win32
		{9D48EF6B-A404-44C4-A46A-93BAEA9F3495}.Debug|x86.Build.0 = Debug|Win32
		{9D48EF6B-A404-44C4-A46A-93BAEA9F3495}.Release|x64.ActiveCfg = Release|x64
		{9D48EF6B-A404-44C4-A46A-93BAEA9F3495}.Release|x64.Build.0 = Release|x64
		{9D48EF6B-A404-44C4-A46A-93BAEA9F3495}.Release|x86.ActiveCfg = Release|Win32
		{9D48EF6B-A404-44C4-A46A-93BAEA9F3495}.Release|x86.Build.0 = Release|Win32
		{4136AB0F-5A42-4796-9A8F-6F0757F0F57D}.Debug|x64.ActiveCfg = Debug|x64
		{4136AB0F-5A42-4796-9A8F-6F0757F0F57D}.Debug|x64.Build.0 = Debug|x64
		{4136AB0F-5A42-4796-9A8F-6F0757F0F57D}.Debug|x86.ActiveCfg = Debug|Win32
		{4136AB0F-5A42-4796-9A8F-6F0757F0F57D}.Debug|x86.Build.0 = Debug|Win32
		{4136AB0F-5A42-4796-9A8F-6F0757F0F57D}.Release|x64.ActiveCfg = Release|x64
		{4136AB0F-5A42-4796-9A8F-6F0757F0F57D}.Release|x64.Build.0 = Release|x64
		{4136AB0F-5A42-4796-9A8F-6F0757F0F57D}.Release|x86.ActiveCfg = Release|Win32
		{4136AB0F-5A42-4796-9A8F-6F0757F0F57D}.Release|x86.Build.0 = Release|Win32
		{0E2BF7B0-500C-487A-A7FE-EA4954C44B5C}.Debug|x64.ActiveCfg = Debug|x64
		{0E2BF7B0-500C-487A-A7FE-EA4954C44B5C}.Debug|x64.Build.0 = Debug|x64
		{0E2BF7B0-500C-487A-A7FE-EA4954C44B5C}.Debug|x86.ActiveCfg = Debug|Win32
		{0E2BF7B0-500C-487A-A7FE-EA4954C44B5C}.Debug|x86.Build.0 = Debug|Win32
		{0E2BF7B0-500C-487A-A7FE-EA4954C44B5C}.Release|x64.ActiveCfg = Release|x64
		{0E2BF7B0-500C-487A-A7FE-EA4954C44B5C}.Release|x64.Build.0 = Release|x64
		{0E2BF7B0-500C-487A-A7FE-EA4954C44B5C}.Release|x86.ActiveCfg = Release|Win32
		{0E2BF7B0-500C-487A-A7FE-EA4954C44B5C}.Release|x86.Build.0 = Release|Win32
		{BCD181CF-DECA-4221-A7B4-51CDDAA963FE}.Debug|x64.ActiveCfg = Debug|x64
		{BCD181CF-DECA-4221-A7B4-51CDDAA963FE}.Debug|x64.Build.0 = Debug|x64
		{BCD181CF-DECA-4221-A7B4-51CDDAA963FE}.Debug|x86.ActiveCfg = Debug|Win32
		{BCD181CF-DECA-4221-A7B4-51CDDAA963FE}.Debug|x86.Build.0 = Debug|Win32
		{BCD181CF-DECA-4221-A7B4-51CDDAA963FE}.Release|x64.ActiveCfg = Release|x64
		{BCD181CF-DECA-4221-A7B4-51CDDAA963FE}.Release|x64.Build.0 = Release|x64
		{BCD181CF-DECA-4221-A7B4-51CDDAA963FE}.Release|x86.ActiveCfg = Release|Win32
		{BCD181CF-DECA-4221-A7B4-51CDDAA963FE}.Release|x86.Build.0 = Release|Win32
		{41CBFD6F-1363-4044-89D8-456D9A04FEC9}.Debug|x64.ActiveCfg = Debug|x64
		{41CBFD6F-1363-4044-89D8-456D9A04FEC9}.Debug|x64.Build.0 = Debug|x64
		{41CBFD6F-1363-4044-89D8-456D9A04FEC9}.Debug|x86.ActiveCfg = Debug|Win32
		{41CBFD6F-1363-4044-89D8-456D9A04FEC9}.Debug|x86.Build.0 = Debug|Win32
		{41CBFD6F-1363-4044-89D8-456D9A04FEC9}.Release|x64.ActiveCfg = Release|x64
		{41CBFD6F-1363-4044-89D8-456D9A04FEC9}.Release|x64.Build.0 = Release|x64
		{41CBFD6F-1363-4044-89D8-456D9A04FEC9}.Release|x86.ActiveCfg = Release|Win32
		{41CBFD6F-1363-4044-89D8-456D9A04FEC9}.Release|x86.Build.0 = Release|Win32
		{0666D38C-CA39-4E0F-AC9D-645689D711A5}.Debug|x64.ActiveCfg = Debug|x64
		{0666D38C-CA39-4E0F-AC9D-645689D711A5}.Debug|x64.Build.0 = Debug|x64
		{0666D38C-CA39-4E0F-AC9D-645689D711A5}.Debug|x86.ActiveCfg = Debug|Win32
		{0666D38C-CA39-4E0F-AC9D-645689D711A5}.Debug|x86.Build.0 = Debug|Win32
		{0666D38C-CA39-4E0F-AC9D-645689D711A5}.Release|x64.ActiveCfg = Release|x64
		{0666D38C-CA39-4E0F-AC9D-645689D711A5}.Release|x64.Build.0 = Release|x64
		{0666D38C-CA39-4E0F-AC9D-645689D711A5}.Release|x86.ActiveCfg = Release|Win32
		{0666D38C-CA39-4E0F-AC9D-645689D711A5}.Release|x86.Build.0 = Release|Win32
		{67F19AA3-9CB4-44D9-A974-6D0CA4BF8050}.Debug|x64.ActiveCfg = Debug|x64
		{67F19AA3-9CB4-44D9-A974-6D0CA4BF8050}.Debug|x64.Build.0 = Debug|x64
		{67F19AA3-9CB4-44D9-A974-6D0CA4BF8050}.Debug|x86.ActiveCfg = Debug|Win32
		{67F19AA3-9CB4-44D9-A974-6D0CA4BF8050}.Debug|x86.Build.0 = Debug|Win32
		{67F19AA3-9CB4-44D9-A974-6D0CA4BF8050}.Release|x64.ActiveCfg = Release|x64
		{67F19AA3-9CB4-44D9-A974-6D0CA4BF8050}.Release|x64.Build.0 = Release|x64
		{67F19AA3-9CB4-44D9-A974-6D0CA4BF8050}.Release|x86.ActiveCfg = Release|Win32
		{67F19AA3-9CB4-44D9-A974-6D0CA4BF8050}.Release|x86.Build.0 = Release|Win32
		{578E628A-FCFE-4F7E-B6FA-FD98711EB473}.Debug|x64.ActiveCfg = Debug|x64
		{578E628A-FCFE-4F7E-B6FA-FD98711EB473}.Debug|x64.Build.0 = Debug|x64
		{578E628A-FCFE-4F7E-B6FA-FD98711EB473}.Debug|x86.ActiveCfg = Debug|Win32
		{578E628A-FCFE-4F7E-B6FA-FD98711EB473}.Debug|x86.Build.0 = Debug|Win32
		{578E628A-FCFE-4F7E-B6FA-FD98711EB473}.Release|x64.ActiveCfg = Release|x64
		{578E628A-FCFE-4F7E-B6FA-FD98711EB473}.Release|x64.Build.0 = Release|x64
		{578E628A-FCFE-4F7E-B6FA-FD98711EB473}.Release|x86.ActiveCfg = Release|Win32
		{578E628A-FCFE-4F7E-B6FA-FD98711EB473}.Release|x86.Build.0 = Release|Win32
		{45EAE00C-C686-463A-9A6B-F4FF5547AB53}.Debug|x64.ActiveCfg = Debug|x64
		{45EAE00C-C686-463A-9A6B-F4FF5547AB53}.Debug|x64.Build.0 = Debug|x64
		{45EAE00C-C686-463A-9A6B-F4FF5547AB53}.Debug|x86.ActiveCfg = Debug|Win32
		{45EAE00C-C686-463A-9A6B-F4FF5547AB53}.Debug|x86.Build.0 = Debug|Win32
		{45EAE00C-C686-463A-9A6B-F4FF5547AB53}.Release|x64.ActiveCfg = Release|x64
		{45EAE00C-C686-463A-9A6B-F4FF5547AB53}.Release|x64.Build.0 = Release|x64
		{45EAE00C-C686-463A-9A6B-F4FF5547AB53}.Release|x86.ActiveCfg = Release|Win32
		{45EAE00C-C686-463A-9A6B-F4FF5547AB53}.Release|x86.Build.0 = Release|Win32
		{B3B275EE-FB2A-45DD-A91F-FBB1109ABB8B}.Debug|x64.ActiveCfg = Debug|x64
		{B3B275EE-FB2A-45DD-A91F-FBB1109ABB8B}.Debug|x64.Build.0 = Debug|x64
		{B3B275EE-FB2A-45DD-A91F-FBB1109ABB8B}.Debug|x86.ActiveCfg = Debug|Win32
		{B3B275EE-FB2A-45DD-A91F-FBB1109ABB8B}.Debug|x86.Build.0 = Debug|Win32
		{B3B275EE-FB2A-45DD-A91F-FBB1109ABB8B}.Release|x64.ActiveCfg = Release|x64
		{B3B275EE-FB2A-45DD-A91F-FBB1109ABB8B}.Release|x64.Build.0 = Release|x64
		{B3B275EE-FB2A-45DD-A91F-FBB1109ABB8B}.Release|x86.ActiveCfg = Release|Win32
		{B3B275EE-FB2A-45DD-A91F-FBB1109ABB8B}.Release|x86.Build.0 = Release|Win32
		{122F5BD2-212E-43DB-A0D7-FBF90F046D11}.Debug|x64.ActiveCfg = Debug|x64
		{122F5BD2-212E-43DB-A0D7-FBF90F046D11}.Debug|x64.Build.0 = Debug|x64
		{122F5BD2-212E-43DB-A0D7-FBF90F046D11}.Debug|x86.ActiveCfg = Debug|Win32
		{122F5BD2-212E-43DB-A0D7-FBF90F046D11}.Debug|x86.Build.0 = Debug|Win32
		{122F5BD2-212E-43DB-A0D7-FBF90F046D11}.Release|x64.ActiveCfg = Release|x64
		{122F5BD2-212E-43DB-A0D7-FBF90F046D11}.Release|x64.Build.0 = Release|x64
		{122F5BD2-212E-43DB-A0D7-FBF90F046D11}.Release|x86.ActiveCfg = Release|Win32
		{122F5BD2-212E-43DB-A0D7-FBF90F046D11}.Release|x86.Build.0 = Release|Win32
		{42EFADD1-50FC-4F44-B241-D533C8C5C220}.Debug|x64.ActiveCfg = Debug|x64
		{42EFADD1-50FC-4F44-B241-D533C8C5C220}.Debug|x64.Build.0 = Debug|x64
		{42EFADD1-50FC-4F44-B241-D533C8C5C220}.Debug|x86.ActiveCfg = Debug|Win32
		{42EFADD1-50FC-4F44-B241-D533C8C5C220}.Debug|x86.Build.0 = Debug|Win32
		{42EFADD1-50FC-4F44-B241-D533C8C5C220}.Release|x64.ActiveCfg = Release|x64
		{42EFADD1-50FC-4F44-B241-D533C8C5C220}.Release|x64.Build.0 = Release|x64
		{42EFADD1-50FC-4F44-B241-D533C8C5C220}.Release|x86.ActiveCfg = Release|Win32
		{42EFADD1-50FC-4F44-B241-D533C8C5C220}.Release|x86.Build.0 = Release|Win32
		{656F391D-776F-4244-B7F3-FAF795644429}.Debug|x64.ActiveCfg = Debug|x64
		{656F391D-776F-4244-B7F3-FAF795644429}.Debug|x64.Build.0 = Debug|x64
		{656F391D-776F-4244-B7F3-FAF795644429}.Debug|x86.ActiveCfg = Debug|Win32
		{656F391D-776F-4244-B7F3-FAF795644429}.Debug|x86.Build.0 = Debug|Win32
		{656F391D-776F-4244-B7F3-FAF795644429}.Release|x64.ActiveCfg = Release|x64
		{656F391D-776F-4244-B7F3-FAF795644429}.Release|x64.Build.0 = Release|x64
		{656F391D-776F-4244-B7F3-FAF795644429}.Release|x86.ActiveCfg = Release|Win32
		{656F391D-776F-4244-B7F3-FAF795644429}.Release|x86.Build.0 = Release|Win32
		{F4C21C10-B840-471B-B1A5-759837DDD9DB}.Debug|x64.ActiveCfg = Debug|x64
		{F4C21C10-B840-471B-B1A5-759837DDD9DB}.Debug|x64.Build.0 = Debug|x64
		{F4C21C10-B840-471B-B1A5-759837DDD9DB}.Debug|x86.ActiveCfg = Debug|Win32
		{F4C21C10-B840-471B-B1A5-759837DDD9DB}.Debug|x86.Build.0 = Debug|Win32
		{F4C21C10-B840-471B-B1A5-759837DDD9DB}.Release|x64.ActiveCfg = Release|x64
		{F4C21C10-B840-471B-B1A5-759837DDD9DB}.Release|x64.Build.0 = Release|x64
		{F4C21C10-B840-471B-B1A5-759837DDD9DB}.Release|x86.ActiveCfg = Release|Win32
		{F4C21C10-B840-471B-B1A5-759837DDD9DB}.Release|x86.Build.0 = Release|Win32
		{00FEBA7D-71E8-4950-B769-15D46EB7F842}.Debug|x64.ActiveCfg = Debug|x64
		{00FEBA7D-71E8-4950-B769-15D46EB7F842}.Debug|x64.Build.0 = Debug|x64
		{00FEBA7D-71E8-4950-B769-15D46EB7F842}.Debug|x86.ActiveCfg = Debug|Win32
		{00FEBA7D-71E8-4950-B769-15D46EB7F842}.Debug|x86.Build.0 = Debug|Win32
		{00FEBA7D-71E8-4950-B769-15D46EB7F842}.Release|x64.ActiveCfg = Release|x64
		{00FEBA7D-71E8-4950-B769-15D46EB7F842}.Release|x64.Build.0 = Release|x64
		{00FEBA7D-71E8-4950-B769-15D46EB7F842}.Release|x86.ActiveCfg = Release|Win32
		{00FEBA7D-71E8-4950-B769-15D46EB7F842}.Release|x86.Build.0 = Release|Win32
		{F33DAFEA-98B1-4D12-9F15-18399593F4FC}.Debug|x64.ActiveCfg = Debug|x64
		{F33DAFEA-98B1-4D12-9F15-18399593F4FC}.Debug|x64.Build.0 = Debug|x64
		{F33DAFEA-98B1-4D12-9F15-18399593F4FC}.Debug|x86.ActiveCfg = Debug|Win32
		{F33DAFEA-98B1-4D12-9F15-18399593F4FC}.Debug|x86.Build.0 = Debug|Win32
		{F33DAFEA-98B1-4D12-9F15-18399593F4FC}.Release|x64.ActiveCfg = Release|x64
		{F33DAFEA-98B1-4D12-9F15-18399593F4FC}.Release|x64.Build.0 = Release|x64
		{F33DAFEA-98B1-4D12-9F15-18399593F4FC}.Release|x86.ActiveCfg = Release|Win32
		{F33DAFEA-98B1-4D12-9F15-18399593F4FC}.Release|x86.Build.0 = Release|Win32
		{42960BE7-4AA6-4C8B-B608-CACABE056530}.Debug|x64.ActiveCfg = Debug|x64
		{42960BE7-4AA6-4C8B-B608-CACABE056530}.Debug|x64.Build.0 = Debug|x64
		{42960BE7-4AA6-4C8B-B608-CACABE056530}.Debug|x86.ActiveCfg = Debug|Win32
		{42960BE7-4AA6-4C8B-B608-CACABE056530}.Debug|x86.Build.0 = Debug|Win32
		{42960BE7-4AA6-4C8B-B608-CACABE056530}.Release|x64.ActiveCfg = Release|x64
		{42960BE7-4AA6-4C8B-B608-CACABE056530}.Release|x64.Build.0 = Release|x64
		{42960BE7-4AA6-4C8B-B608-CACABE056530}.Release|x86.ActiveCfg = Release|Win32
		{42960BE7-4AA6-4C8B-B608-CACABE056530}.Release|x86.Build.0 = Release|Win32
		{D6044A68-3132-40E2-95DE-EEBDED79C98B}.Debug|x64.ActiveCfg = Debug|x64
		{D6044A68-3132-40E2-95DE-EEBDED79C98B}.Debug|x64.Build.0 = Debug|x64
		{D6044A68-3132-40E2-95DE-EEBDED79C98B}.Debug|x86.ActiveCfg = Debug|Win32
		{D6044A68-3132-40E2-95DE-EEBDED79C98B}.Debug|x86.Build.0 = Debug|Win32
		{D6044A68-3132-40E2-95DE-EEBDED79C98B}.Release|x64.ActiveCfg = Release|x64
		{D6044A68-3132-40E2-95DE-EEBDED79C98B}.Release|x64.Build.0 = Release|x64
		{D6044A68-3132-40E2-95DE-EEBDED79C98B}.Release|x86.ActiveCfg = Release|Win32
		{D6044A68-3132-40E2-95DE-EEBDED79C98B}.Release|x86.Build.0 = Release|Win32
	EndGlobalSection
	GlobalSection(SolutionProperties) = preSolution
		HideSolutionNode = FALSE
	EndGlobalSection
	GlobalSection(NestedProjects) = preSolution
		{3EFABE94-42CD-4C8F-83F9-3350F9426D15} = {BC8A6FE9-0EE7-4F8A-B4A9-0287C1308A0F}
		{4D103874-3707-47D0-8666-4B921934888C} = {BC8A6FE9-0EE7-4F8A-B4A9-0287C1308A0F}
		{3078004E-923F-4269-8664-97C4F726D406} = {BC8A6FE9-0EE7-4F8A-B4A9-0287C1308A0F}
		{4A1DE087-734C-46A4-A4B6-A2B6AB8A53AC} = {3439A8FB-197C-47F3-B544-DE2DD294447A}
		{D88DBED5-4B03-4B2E-BB8E-8CFD409AAEEA} = {3439A8FB-197C-47F3-B544-DE2DD294447A}
		{44BE8B7F-DAD6-4D04-A827-32E34F8C12C0} = {85231949-B73B-4839-A274-5E89144B55E4}
		{9450C999-E182-4B8C-B48A-23DE91DD28F0} = {3439A8FB-197C-47F3-B544-DE2DD294447A}
		{8C4BB5F9-0660-4ECF-A0D9-6E6C89552512} = {3439A8FB-197C-47F3-B544-DE2DD294447A}
		{CD9C4AB1-1413-41F7-93CC-E9B800399640} = {3439A8FB-197C-47F3-B544-DE2DD294447A}
		{BF2C86F2-7802-4629-A8A5-E34DB62FA9F3} = {3439A8FB-197C-47F3-B544-DE2DD294447A}
		{98634850-22B2-4434-82AE-FFBBDE169294} = {3439A8FB-197C-47F3-B544-DE2DD294447A}
		{87C8BF00-564D-4449-9DF1-28A2CF02CF34} = {3439A8FB-197C-47F3-B544-DE2DD294447A}
		{E46C80FC-D5D3-4336-89A0-A5EDFA20AB05} = {6F8B7894-80D9-4E04-859C-3021EDB299E1}
		{83800AC1-F4F8-4B07-AEF8-DDA766EC0ED0} = {6F8B7894-80D9-4E04-859C-3021EDB299E1}
		{BB6D5429-0CD8-43A3-8A83-C5A240F052BC} = {6F8B7894-80D9-4E04-859C-3021EDB299E1}
		{944719CB-865F-43D8-8E65-DAE32A44A641} = {6F8B7894-80D9-4E04-859C-3021EDB299E1}
		{2F796C51-DB45-406A-8F19-20A9E4475A8E} = {22098CE8-3E04-45D1-85E0-82D230FF418E}
		{22098CE8-3E04-45D1-85E0-82D230FF418E} = {FF16688F-49CD-442B-9514-19CF309798FC}
		{75DCCE27-FA75-409F-AED2-1873C4F0A74C} = {22098CE8-3E04-45D1-85E0-82D230FF418E}
		{5BC02402-3821-472A-AAAD-1D192BE6792F} = {FF16688F-49CD-442B-9514-19CF309798FC}
		{30E93AEB-61F9-4AEC-80D5-5C35A05E5087} = {FF16688F-49CD-442B-9514-19CF309798FC}
		{3336855F-4890-490A-9FF5-D6309EFC908C} = {5BC02402-3821-472A-AAAD-1D192BE6792F}
		{99D3DCBE-002D-4C89-943E-59308694FAB7} = {5BC02402-3821-472A-AAAD-1D192BE6792F}
		{BCAE4A00-EB9D-43A3-8A40-E78556A2E210} = {30E93AEB-61F9-4AEC-80D5-5C35A05E5087}
		{DA39CD59-4954-4050-93DB-48E5619BBB2C} = {30E93AEB-61F9-4AEC-80D5-5C35A05E5087}
		{DE4F7C85-9EF2-42B6-B8AC-CD195FFE9F91} = {FF16688F-49CD-442B-9514-19CF309798FC}
		{A9E46F39-6112-4C70-93A0-807052F7AA5D} = {DE4F7C85-9EF2-42B6-B8AC-CD195FFE9F91}
		{BE76959F-8325-49FE-8E2A-F597F7A16506} = {DE4F7C85-9EF2-42B6-B8AC-CD195FFE9F91}
		{6C018976-761D-4BE6-8AE3-3C0EED6B7A10} = {FF16688F-49CD-442B-9514-19CF309798FC}
		{E4E2FF3D-D95E-4144-B61C-3CB8BBD7D8B7} = {6C018976-761D-4BE6-8AE3-3C0EED6B7A10}
		{11BE88B6-AAB3-4191-B534-41D6796F17AA} = {6C018976-761D-4BE6-8AE3-3C0EED6B7A10}
		{01D7E053-A5DD-423B-94F3-2638BC0BFD59} = {A789F8B6-EC5D-4792-9895-6700DA4F7772}
		{B62BBE37-ACE4-4E5A-AC19-88AA1BCBDB04} = {A789F8B6-EC5D-4792-9895-6700DA4F7772}
		{4CB384BA-3D48-4642-A6DD-D52364FE2EE3} = {A789F8B6-EC5D-4792-9895-6700DA4F7772}
		{3F963F23-D00A-49FB-B2B5-AD5B1F80DFB9} = {E2CDC50F-9790-49D6-A416-6E2CAED585B6}
		{82771927-04E7-453D-AD6A-2372B36D1ADF} = {E2CDC50F-9790-49D6-A416-6E2CAED585B6}
		{F3F247EC-2366-49E6-8017-89E9E23CAB35} = {190ECEC6-0B3D-48FF-ACB3-5ECA7E9EE142}
		{2BAD1EC1-6961-4E1A-AE81-9532C2C37481} = {F3F247EC-2366-49E6-8017-89E9E23CAB35}
		{F776FDBE-0630-4FAC-B2AB-CA03351DE203} = {F3F247EC-2366-49E6-8017-89E9E23CAB35}
		{C6ED4558-120C-4820-B23C-FD55F22BAB20} = {F3F247EC-2366-49E6-8017-89E9E23CAB35}
		{39DAFEC2-8FAB-4873-A3EE-524CCF9BC932} = {F3F247EC-2366-49E6-8017-89E9E23CAB35}
		{10039FA6-9752-46C4-B9E9-B4A19B265F0D} = {F370B60D-4E00-4056-A1E0-B97A1B21898A}
		{0923A4D7-CFCA-482A-BEF7-2991C6BAC992} = {F3F247EC-2366-49E6-8017-89E9E23CAB35}
		{9D48EF6B-A404-44C4-A46A-93BAEA9F3495} = {F370B60D-4E00-4056-A1E0-B97A1B21898A}
		{4136AB0F-5A42-4796-9A8F-6F0757F0F57D} = {F370B60D-4E00-4056-A1E0-B97A1B21898A}
		{0E2BF7B0-500C-487A-A7FE-EA4954C44B5C} = {68C04BA8-5BC3-44BB-BAB0-5E4E98E07130}
		{BCD181CF-DECA-4221-A7B4-51CDDAA963FE} = {68C04BA8-5BC3-44BB-BAB0-5E4E98E07130}
		{41CBFD6F-1363-4044-89D8-456D9A04FEC9} = {257E17BE-E4F1-4A91-9081-60A99D84A0BA}
		{257E17BE-E4F1-4A91-9081-60A99D84A0BA} = {5B42DD8A-96C1-4DFA-AE40-908212165F01}
		{0666D38C-CA39-4E0F-AC9D-645689D711A5} = {257E17BE-E4F1-4A91-9081-60A99D84A0BA}
		{67F19AA3-9CB4-44D9-A974-6D0CA4BF8050} = {257E17BE-E4F1-4A91-9081-60A99D84A0BA}
		{0499E6F0-6453-4AAD-9C55-1465B014A07E} = {5B42DD8A-96C1-4DFA-AE40-908212165F01}
		{578E628A-FCFE-4F7E-B6FA-FD98711EB473} = {0499E6F0-6453-4AAD-9C55-1465B014A07E}
		{45EAE00C-C686-463A-9A6B-F4FF5547AB53} = {68C04BA8-5BC3-44BB-BAB0-5E4E98E07130}
		{B3B275EE-FB2A-45DD-A91F-FBB1109ABB8B} = {68C04BA8-5BC3-44BB-BAB0-5E4E98E07130}
		{122F5BD2-212E-43DB-A0D7-FBF90F046D11} = {ECCE4E54-B5C1-49F2-A622-485F6CDDE998}
		{42EFADD1-50FC-4F44-B241-D533C8C5C220} = {ECCE4E54-B5C1-49F2-A622-485F6CDDE998}
		{656F391D-776F-4244-B7F3-FAF795644429} = {ECCE4E54-B5C1-49F2-A622-485F6CDDE998}
		{F4C21C10-B840-471B-B1A5-759837DDD9DB} = {BDCD1D93-7EEF-4AF8-90EE-DDCDC2262556}
		{00FEBA7D-71E8-4950-B769-15D46EB7F842} = {BDCD1D93-7EEF-4AF8-90EE-DDCDC2262556}
		{A789F8B6-EC5D-4792-9895-6700DA4F7772} = {190ECEC6-0B3D-48FF-ACB3-5ECA7E9EE142}
		{F33DAFEA-98B1-4D12-9F15-18399593F4FC} = {A789F8B6-EC5D-4792-9895-6700DA4F7772}
		{42960BE7-4AA6-4C8B-B608-CACABE056530} = {A789F8B6-EC5D-4792-9895-6700DA4F7772}
		{D6044A68-3132-40E2-95DE-EEBDED79C98B} = {A789F8B6-EC5D-4792-9895-6700DA4F7772}
	EndGlobalSection
	GlobalSection(ExtensibilityGlobals) = postSolution
		SolutionGuid = {EE1D05BE-9DDB-4D63-99A1-9A06761ADF99}
	EndGlobalSection
EndGlobal
