
Microsoft Visual Studio Solution File, Format Version 12.00
# Visual Studio Version 16
VisualStudioVersion = 16.0.31911.196
MinimumVisualStudioVersion = 10.0.40219.1
Project("{2150E333-8FDC-42A3-9474-1A3956D46DE8}") = "C", "C", "{BC8A6FE9-0EE7-4F8A-B4A9-0287C1308A0F}"
EndProject
Project("{8BC9CEB8-8B4A-11D0-8D11-00A0C91BC942}") = "Project1", "Project1\Project1.vcxproj", "{3EFABE94-42CD-4C8F-83F9-3350F9426D15}"
EndProject
Project("{8BC9CEB8-8B4A-11D0-8D11-00A0C91BC942}") = "LinkedList1", "Project2\Project2.vcxproj", "{4D103874-3707-47D0-8666-4B921934888C}"
EndProject
Project("{8BC9CEB8-8B4A-11D0-8D11-00A0C91BC942}") = "LinkedList1-2", "LinkedList1-2\LinkedList1-2.vcxproj", "{3078004E-923F-4269-8664-97C4F726D406}"
EndProject
Project("{2150E333-8FDC-42A3-9474-1A3956D46DE8}") = "C++", "C++", "{3439A8FB-197C-47F3-B544-DE2DD294447A}"
EndProject
Project("{8BC9CEB8-8B4A-11D0-8D11-00A0C91BC942}") = "student", "student\student.vcxproj", "{4A1DE087-734C-46A4-A4B6-A2B6AB8A53AC}"
EndProject
Project("{8BC9CEB8-8B4A-11D0-8D11-00A0C91BC942}") = "student_study", "student_study\student_study.vcxproj", "{D88DBED5-4B03-4B2E-BB8E-8CFD409AAEEA}"
EndProject
Project("{2150E333-8FDC-42A3-9474-1A3956D46DE8}") = "0. 연습", "0. 연습", "{85231949-B73B-4839-A274-5E89144B55E4}"
EndProject
Project("{8BC9CEB8-8B4A-11D0-8D11-00A0C91BC942}") = "aa", "aa\aa.vcxproj", "{44BE8B7F-DAD6-4D04-A827-32E34F8C12C0}"
EndProject
Project("{8BC9CEB8-8B4A-11D0-8D11-00A0C91BC942}") = "const", "const\const.vcxproj", "{9450C999-E182-4B8C-B48A-23DE91DD28F0}"
EndProject
Project("{8BC9CEB8-8B4A-11D0-8D11-00A0C91BC942}") = "studentManager", "studentManager\studentManager.vcxproj", "{8C4BB5F9-0660-4ECF-A0D9-6E6C89552512}"
EndProject
Project("{8BC9CEB8-8B4A-11D0-8D11-00A0C91BC942}") = "studentmanager211213", "studentmanager211213\studentmanager211213.vcxproj", "{CD9C4AB1-1413-41F7-93CC-E9B800399640}"
EndProject
Project("{8BC9CEB8-8B4A-11D0-8D11-00A0C91BC942}") = "studentmanager211213_study", "studentmanager211213_study\studentmanager211213_study.vcxproj", "{BF2C86F2-7802-4629-A8A5-E34DB62FA9F3}"
EndProject
Project("{8BC9CEB8-8B4A-11D0-8D11-00A0C91BC942}") = "studentmanager211214_template", "studentmanager211214_template\studentmanager211214_template.vcxproj", "{98634850-22B2-4434-82AE-FFBBDE169294}"
EndProject
Project("{8BC9CEB8-8B4A-11D0-8D11-00A0C91BC942}") = "studentmanager211214_final_study", "studentmanager211214_final_study\studentmanager211214_final_study.vcxproj", "{87C8BF00-564D-4449-9DF1-28A2CF02CF34}"
EndProject
Project("{2150E333-8FDC-42A3-9474-1A3956D46DE8}") = "DataStructure", "DataStructure", "{6F8B7894-80D9-4E04-859C-3021EDB299E1}"
EndProject
Project("{8BC9CEB8-8B4A-11D0-8D11-00A0C91BC942}") = "BinarySearch", "BinarySearch\BinarySearch.vcxproj", "{E46C80FC-D5D3-4336-89A0-A5EDFA20AB05}"
EndProject
Project("{8BC9CEB8-8B4A-11D0-8D11-00A0C91BC942}") = "QuadTree", "QuadTree\QuadTree.vcxproj", "{83800AC1-F4F8-4B07-AEF8-DDA766EC0ED0}"
EndProject
Project("{8BC9CEB8-8B4A-11D0-8D11-00A0C91BC942}") = "Octree", "Octree\Octree\Octree.vcxproj", "{BB6D5429-0CD8-43A3-8A83-C5A240F052BC}"
EndProject
Project("{2150E333-8FDC-42A3-9474-1A3956D46DE8}") = "library", "library", "{E2CDC50F-9790-49D6-A416-6E2CAED585B6}"
EndProject
Project("{8BC9CEB8-8B4A-11D0-8D11-00A0C91BC942}") = "Window_1", "Window_1\Window_1.vcxproj", "{944719CB-865F-43D8-8E65-DAE32A44A641}"
EndProject
Project("{2150E333-8FDC-42A3-9474-1A3956D46DE8}") = "Server", "Server", "{FF16688F-49CD-442B-9514-19CF309798FC}"
EndProject
Project("{8BC9CEB8-8B4A-11D0-8D11-00A0C91BC942}") = "SocketClient", "SocketClient\SocketClient.vcxproj", "{2F796C51-DB45-406A-8F19-20A9E4475A8E}"
EndProject
Project("{2150E333-8FDC-42A3-9474-1A3956D46DE8}") = "1. echo", "1. echo", "{22098CE8-3E04-45D1-85E0-82D230FF418E}"
EndProject
Project("{8BC9CEB8-8B4A-11D0-8D11-00A0C91BC942}") = "SocketServer", "server\server.vcxproj", "{75DCCE27-FA75-409F-AED2-1873C4F0A74C}"
EndProject
Project("{2150E333-8FDC-42A3-9474-1A3956D46DE8}") = "2. chat", "2. chat", "{5BC02402-3821-472A-AAAD-1D192BE6792F}"
EndProject
Project("{2150E333-8FDC-42A3-9474-1A3956D46DE8}") = "3. packet", "3. packet", "{30E93AEB-61F9-4AEC-80D5-5C35A05E5087}"
EndProject
Project("{8BC9CEB8-8B4A-11D0-8D11-00A0C91BC942}") = "ClientChatting", "ClientChatting\ClientChatting.vcxproj", "{3336855F-4890-490A-9FF5-D6309EFC908C}"
EndProject
Project("{8BC9CEB8-8B4A-11D0-8D11-00A0C91BC942}") = "ServerChatting", "ServerChatting\ServerChatting.vcxproj", "{99D3DCBE-002D-4C89-943E-59308694FAB7}"
EndProject
Project("{8BC9CEB8-8B4A-11D0-8D11-00A0C91BC942}") = "Packet_Client", "Packet_Client\Packet_Client.vcxproj", "{BCAE4A00-EB9D-43A3-8A40-E78556A2E210}"
EndProject
Project("{8BC9CEB8-8B4A-11D0-8D11-00A0C91BC942}") = "Packet_Server", "Packet_Server\Packet_Server.vcxproj", "{DA39CD59-4954-4050-93DB-48E5619BBB2C}"
EndProject
Project("{2150E333-8FDC-42A3-9474-1A3956D46DE8}") = "4. thread", "4. thread", "{DE4F7C85-9EF2-42B6-B8AC-CD195FFE9F91}"
EndProject
Project("{8BC9CEB8-8B4A-11D0-8D11-00A0C91BC942}") = "Thread_Chatting_Client", "Thread_Chatting_Client\Thread_Chatting_Client.vcxproj", "{A9E46F39-6112-4C70-93A0-807052F7AA5D}"
EndProject
Project("{8BC9CEB8-8B4A-11D0-8D11-00A0C91BC942}") = "Thread_Chatting_Server", "Thread_Chatting_Server\Thread_Chatting_Server.vcxproj", "{BE76959F-8325-49FE-8E2A-F597F7A16506}"
EndProject
Project("{2150E333-8FDC-42A3-9474-1A3956D46DE8}") = "5. select", "5. select", "{6C018976-761D-4BE6-8AE3-3C0EED6B7A10}"
EndProject
Project("{8BC9CEB8-8B4A-11D0-8D11-00A0C91BC942}") = "Select_Client", "Select_Client\Select_Client.vcxproj", "{E4E2FF3D-D95E-4144-B61C-3CB8BBD7D8B7}"
EndProject
Project("{8BC9CEB8-8B4A-11D0-8D11-00A0C91BC942}") = "Select_Server", "Select_Server\Select_Server.vcxproj", "{11BE88B6-AAB3-4191-B534-41D6796F17AA}"
EndProject
Project("{8BC9CEB8-8B4A-11D0-8D11-00A0C91BC942}") = "CoreLib", "CoreLib\CoreLib.vcxproj", "{01D7E053-A5DD-423B-94F3-2638BC0BFD59}"
EndProject
Project("{8BC9CEB8-8B4A-11D0-8D11-00A0C91BC942}") = "CreateDevice_0", "CreateDevice_0\CreateDevice_0.vcxproj", "{B62BBE37-ACE4-4E5A-AC19-88AA1BCBDB04}"
EndProject
Project("{8BC9CEB8-8B4A-11D0-8D11-00A0C91BC942}") = "CreateVertexBuffer", "CreateVertexBuffer\CreateVertexBuffer.vcxproj", "{4CB384BA-3D48-4642-A6DD-D52364FE2EE3}"
EndProject
Project("{8BC9CEB8-8B4A-11D0-8D11-00A0C91BC942}") = "LibraryWin", "LibraryWin\LibraryWin.vcxproj", "{3F963F23-D00A-49FB-B2B5-AD5B1F80DFB9}"
EndProject
Project("{8BC9CEB8-8B4A-11D0-8D11-00A0C91BC942}") = "SampleLibrary", "SampleLibrary\SampleLibrary.vcxproj", "{82771927-04E7-453D-AD6A-2372B36D1ADF}"
EndProject
Global
	GlobalSection(SolutionConfigurationPlatforms) = preSolution
		Debug|x64 = Debug|x64
		Debug|x86 = Debug|x86
		Release|x64 = Release|x64
		Release|x86 = Release|x86
	EndGlobalSection
	GlobalSection(ProjectConfigurationPlatforms) = postSolution
		{3EFABE94-42CD-4C8F-83F9-3350F9426D15}.Debug|x64.ActiveCfg = Debug|x64
		{3EFABE94-42CD-4C8F-83F9-3350F9426D15}.Debug|x64.Build.0 = Debug|x64
		{3EFABE94-42CD-4C8F-83F9-3350F9426D15}.Debug|x86.ActiveCfg = Debug|Win32
		{3EFABE94-42CD-4C8F-83F9-3350F9426D15}.Debug|x86.Build.0 = Debug|Win32
		{3EFABE94-42CD-4C8F-83F9-3350F9426D15}.Release|x64.ActiveCfg = Release|x64
		{3EFABE94-42CD-4C8F-83F9-3350F9426D15}.Release|x64.Build.0 = Release|x64
		{3EFABE94-42CD-4C8F-83F9-3350F9426D15}.Release|x86.ActiveCfg = Release|Win32
		{3EFABE94-42CD-4C8F-83F9-3350F9426D15}.Release|x86.Build.0 = Release|Win32
		{4D103874-3707-47D0-8666-4B921934888C}.Debug|x64.ActiveCfg = Debug|x64
		{4D103874-3707-47D0-8666-4B921934888C}.Debug|x64.Build.0 = Debug|x64
		{4D103874-3707-47D0-8666-4B921934888C}.Debug|x86.ActiveCfg = Debug|Win32
		{4D103874-3707-47D0-8666-4B921934888C}.Debug|x86.Build.0 = Debug|Win32
		{4D103874-3707-47D0-8666-4B921934888C}.Release|x64.ActiveCfg = Release|x64
		{4D103874-3707-47D0-8666-4B921934888C}.Release|x64.Build.0 = Release|x64
		{4D103874-3707-47D0-8666-4B921934888C}.Release|x86.ActiveCfg = Release|Win32
		{4D103874-3707-47D0-8666-4B921934888C}.Release|x86.Build.0 = Release|Win32
		{3078004E-923F-4269-8664-97C4F726D406}.Debug|x64.ActiveCfg = Debug|x64
		{3078004E-923F-4269-8664-97C4F726D406}.Debug|x64.Build.0 = Debug|x64
		{3078004E-923F-4269-8664-97C4F726D406}.Debug|x86.ActiveCfg = Debug|Win32
		{3078004E-923F-4269-8664-97C4F726D406}.Debug|x86.Build.0 = Debug|Win32
		{3078004E-923F-4269-8664-97C4F726D406}.Release|x64.ActiveCfg = Release|x64
		{3078004E-923F-4269-8664-97C4F726D406}.Release|x64.Build.0 = Release|x64
		{3078004E-923F-4269-8664-97C4F726D406}.Release|x86.ActiveCfg = Release|Win32
		{3078004E-923F-4269-8664-97C4F726D406}.Release|x86.Build.0 = Release|Win32
		{4A1DE087-734C-46A4-A4B6-A2B6AB8A53AC}.Debug|x64.ActiveCfg = Debug|x64
		{4A1DE087-734C-46A4-A4B6-A2B6AB8A53AC}.Debug|x64.Build.0 = Debug|x64
		{4A1DE087-734C-46A4-A4B6-A2B6AB8A53AC}.Debug|x86.ActiveCfg = Debug|Win32
		{4A1DE087-734C-46A4-A4B6-A2B6AB8A53AC}.Debug|x86.Build.0 = Debug|Win32
		{4A1DE087-734C-46A4-A4B6-A2B6AB8A53AC}.Release|x64.ActiveCfg = Release|x64
		{4A1DE087-734C-46A4-A4B6-A2B6AB8A53AC}.Release|x64.Build.0 = Release|x64
		{4A1DE087-734C-46A4-A4B6-A2B6AB8A53AC}.Release|x86.ActiveCfg = Release|Win32
		{4A1DE087-734C-46A4-A4B6-A2B6AB8A53AC}.Release|x86.Build.0 = Release|Win32
		{D88DBED5-4B03-4B2E-BB8E-8CFD409AAEEA}.Debug|x64.ActiveCfg = Debug|x64
		{D88DBED5-4B03-4B2E-BB8E-8CFD409AAEEA}.Debug|x64.Build.0 = Debug|x64
		{D88DBED5-4B03-4B2E-BB8E-8CFD409AAEEA}.Debug|x86.ActiveCfg = Debug|Win32
		{D88DBED5-4B03-4B2E-BB8E-8CFD409AAEEA}.Debug|x86.Build.0 = Debug|Win32
		{D88DBED5-4B03-4B2E-BB8E-8CFD409AAEEA}.Release|x64.ActiveCfg = Release|x64
		{D88DBED5-4B03-4B2E-BB8E-8CFD409AAEEA}.Release|x64.Build.0 = Release|x64
		{D88DBED5-4B03-4B2E-BB8E-8CFD409AAEEA}.Release|x86.ActiveCfg = Release|Win32
		{D88DBED5-4B03-4B2E-BB8E-8CFD409AAEEA}.Release|x86.Build.0 = Release|Win32
		{44BE8B7F-DAD6-4D04-A827-32E34F8C12C0}.Debug|x64.ActiveCfg = Debug|x64
		{44BE8B7F-DAD6-4D04-A827-32E34F8C12C0}.Debug|x64.Build.0 = Debug|x64
		{44BE8B7F-DAD6-4D04-A827-32E34F8C12C0}.Debug|x86.ActiveCfg = Debug|Win32
		{44BE8B7F-DAD6-4D04-A827-32E34F8C12C0}.Debug|x86.Build.0 = Debug|Win32
		{44BE8B7F-DAD6-4D04-A827-32E34F8C12C0}.Release|x64.ActiveCfg = Release|x64
		{44BE8B7F-DAD6-4D04-A827-32E34F8C12C0}.Release|x64.Build.0 = Release|x64
		{44BE8B7F-DAD6-4D04-A827-32E34F8C12C0}.Release|x86.ActiveCfg = Release|Win32
		{44BE8B7F-DAD6-4D04-A827-32E34F8C12C0}.Release|x86.Build.0 = Release|Win32
		{9450C999-E182-4B8C-B48A-23DE91DD28F0}.Debug|x64.ActiveCfg = Debug|x64
		{9450C999-E182-4B8C-B48A-23DE91DD28F0}.Debug|x64.Build.0 = Debug|x64
		{9450C999-E182-4B8C-B48A-23DE91DD28F0}.Debug|x86.ActiveCfg = Debug|Win32
		{9450C999-E182-4B8C-B48A-23DE91DD28F0}.Debug|x86.Build.0 = Debug|Win32
		{9450C999-E182-4B8C-B48A-23DE91DD28F0}.Release|x64.ActiveCfg = Release|x64
		{9450C999-E182-4B8C-B48A-23DE91DD28F0}.Release|x64.Build.0 = Release|x64
		{9450C999-E182-4B8C-B48A-23DE91DD28F0}.Release|x86.ActiveCfg = Release|Win32
		{9450C999-E182-4B8C-B48A-23DE91DD28F0}.Release|x86.Build.0 = Release|Win32
		{8C4BB5F9-0660-4ECF-A0D9-6E6C89552512}.Debug|x64.ActiveCfg = Debug|x64
		{8C4BB5F9-0660-4ECF-A0D9-6E6C89552512}.Debug|x64.Build.0 = Debug|x64
		{8C4BB5F9-0660-4ECF-A0D9-6E6C89552512}.Debug|x86.ActiveCfg = Debug|Win32
		{8C4BB5F9-0660-4ECF-A0D9-6E6C89552512}.Debug|x86.Build.0 = Debug|Win32
		{8C4BB5F9-0660-4ECF-A0D9-6E6C89552512}.Release|x64.ActiveCfg = Release|x64
		{8C4BB5F9-0660-4ECF-A0D9-6E6C89552512}.Release|x64.Build.0 = Release|x64
		{8C4BB5F9-0660-4ECF-A0D9-6E6C89552512}.Release|x86.ActiveCfg = Release|Win32
		{8C4BB5F9-0660-4ECF-A0D9-6E6C89552512}.Release|x86.Build.0 = Release|Win32
		{CD9C4AB1-1413-41F7-93CC-E9B800399640}.Debug|x64.ActiveCfg = Debug|x64
		{CD9C4AB1-1413-41F7-93CC-E9B800399640}.Debug|x64.Build.0 = Debug|x64
		{CD9C4AB1-1413-41F7-93CC-E9B800399640}.Debug|x86.ActiveCfg = Debug|Win32
		{CD9C4AB1-1413-41F7-93CC-E9B800399640}.Debug|x86.Build.0 = Debug|Win32
		{CD9C4AB1-1413-41F7-93CC-E9B800399640}.Release|x64.ActiveCfg = Release|x64
		{CD9C4AB1-1413-41F7-93CC-E9B800399640}.Release|x64.Build.0 = Release|x64
		{CD9C4AB1-1413-41F7-93CC-E9B800399640}.Release|x86.ActiveCfg = Release|Win32
		{CD9C4AB1-1413-41F7-93CC-E9B800399640}.Release|x86.Build.0 = Release|Win32
		{BF2C86F2-7802-4629-A8A5-E34DB62FA9F3}.Debug|x64.ActiveCfg = Debug|x64
		{BF2C86F2-7802-4629-A8A5-E34DB62FA9F3}.Debug|x64.Build.0 = Debug|x64
		{BF2C86F2-7802-4629-A8A5-E34DB62FA9F3}.Debug|x86.ActiveCfg = Debug|Win32
		{BF2C86F2-7802-4629-A8A5-E34DB62FA9F3}.Debug|x86.Build.0 = Debug|Win32
		{BF2C86F2-7802-4629-A8A5-E34DB62FA9F3}.Release|x64.ActiveCfg = Release|x64
		{BF2C86F2-7802-4629-A8A5-E34DB62FA9F3}.Release|x64.Build.0 = Release|x64
		{BF2C86F2-7802-4629-A8A5-E34DB62FA9F3}.Release|x86.ActiveCfg = Release|Win32
		{BF2C86F2-7802-4629-A8A5-E34DB62FA9F3}.Release|x86.Build.0 = Release|Win32
		{98634850-22B2-4434-82AE-FFBBDE169294}.Debug|x64.ActiveCfg = Debug|x64
		{98634850-22B2-4434-82AE-FFBBDE169294}.Debug|x64.Build.0 = Debug|x64
		{98634850-22B2-4434-82AE-FFBBDE169294}.Debug|x86.ActiveCfg = Debug|Win32
		{98634850-22B2-4434-82AE-FFBBDE169294}.Debug|x86.Build.0 = Debug|Win32
		{98634850-22B2-4434-82AE-FFBBDE169294}.Release|x64.ActiveCfg = Release|x64
		{98634850-22B2-4434-82AE-FFBBDE169294}.Release|x64.Build.0 = Release|x64
		{98634850-22B2-4434-82AE-FFBBDE169294}.Release|x86.ActiveCfg = Release|Win32
		{98634850-22B2-4434-82AE-FFBBDE169294}.Release|x86.Build.0 = Release|Win32
		{87C8BF00-564D-4449-9DF1-28A2CF02CF34}.Debug|x64.ActiveCfg = Debug|x64
		{87C8BF00-564D-4449-9DF1-28A2CF02CF34}.Debug|x64.Build.0 = Debug|x64
		{87C8BF00-564D-4449-9DF1-28A2CF02CF34}.Debug|x86.ActiveCfg = Debug|Win32
		{87C8BF00-564D-4449-9DF1-28A2CF02CF34}.Debug|x86.Build.0 = Debug|Win32
		{87C8BF00-564D-4449-9DF1-28A2CF02CF34}.Release|x64.ActiveCfg = Release|x64
		{87C8BF00-564D-4449-9DF1-28A2CF02CF34}.Release|x64.Build.0 = Release|x64
		{87C8BF00-564D-4449-9DF1-28A2CF02CF34}.Release|x86.ActiveCfg = Release|Win32
		{87C8BF00-564D-4449-9DF1-28A2CF02CF34}.Release|x86.Build.0 = Release|Win32
		{E46C80FC-D5D3-4336-89A0-A5EDFA20AB05}.Debug|x64.ActiveCfg = Debug|x64
		{E46C80FC-D5D3-4336-89A0-A5EDFA20AB05}.Debug|x64.Build.0 = Debug|x64
		{E46C80FC-D5D3-4336-89A0-A5EDFA20AB05}.Debug|x86.ActiveCfg = Debug|Win32
		{E46C80FC-D5D3-4336-89A0-A5EDFA20AB05}.Debug|x86.Build.0 = Debug|Win32
		{E46C80FC-D5D3-4336-89A0-A5EDFA20AB05}.Release|x64.ActiveCfg = Release|x64
		{E46C80FC-D5D3-4336-89A0-A5EDFA20AB05}.Release|x64.Build.0 = Release|x64
		{E46C80FC-D5D3-4336-89A0-A5EDFA20AB05}.Release|x86.ActiveCfg = Release|Win32
		{E46C80FC-D5D3-4336-89A0-A5EDFA20AB05}.Release|x86.Build.0 = Release|Win32
		{83800AC1-F4F8-4B07-AEF8-DDA766EC0ED0}.Debug|x64.ActiveCfg = Debug|x64
		{83800AC1-F4F8-4B07-AEF8-DDA766EC0ED0}.Debug|x64.Build.0 = Debug|x64
		{83800AC1-F4F8-4B07-AEF8-DDA766EC0ED0}.Debug|x86.ActiveCfg = Debug|Win32
		{83800AC1-F4F8-4B07-AEF8-DDA766EC0ED0}.Debug|x86.Build.0 = Debug|Win32
		{83800AC1-F4F8-4B07-AEF8-DDA766EC0ED0}.Release|x64.ActiveCfg = Release|x64
		{83800AC1-F4F8-4B07-AEF8-DDA766EC0ED0}.Release|x64.Build.0 = Release|x64
		{83800AC1-F4F8-4B07-AEF8-DDA766EC0ED0}.Release|x86.ActiveCfg = Release|Win32
		{83800AC1-F4F8-4B07-AEF8-DDA766EC0ED0}.Release|x86.Build.0 = Release|Win32
		{BB6D5429-0CD8-43A3-8A83-C5A240F052BC}.Debug|x64.ActiveCfg = Debug|x64
		{BB6D5429-0CD8-43A3-8A83-C5A240F052BC}.Debug|x64.Build.0 = Debug|x64
		{BB6D5429-0CD8-43A3-8A83-C5A240F052BC}.Debug|x86.ActiveCfg = Debug|Win32
		{BB6D5429-0CD8-43A3-8A83-C5A240F052BC}.Debug|x86.Build.0 = Debug|Win32
		{BB6D5429-0CD8-43A3-8A83-C5A240F052BC}.Release|x64.ActiveCfg = Release|x64
		{BB6D5429-0CD8-43A3-8A83-C5A240F052BC}.Release|x64.Build.0 = Release|x64
		{BB6D5429-0CD8-43A3-8A83-C5A240F052BC}.Release|x86.ActiveCfg = Release|Win32
		{BB6D5429-0CD8-43A3-8A83-C5A240F052BC}.Release|x86.Build.0 = Release|Win32
		{944719CB-865F-43D8-8E65-DAE32A44A641}.Debug|x64.ActiveCfg = Debug|x64
		{944719CB-865F-43D8-8E65-DAE32A44A641}.Debug|x64.Build.0 = Debug|x64
		{944719CB-865F-43D8-8E65-DAE32A44A641}.Debug|x86.ActiveCfg = Debug|Win32
		{944719CB-865F-43D8-8E65-DAE32A44A641}.Debug|x86.Build.0 = Debug|Win32
		{944719CB-865F-43D8-8E65-DAE32A44A641}.Release|x64.ActiveCfg = Release|x64
		{944719CB-865F-43D8-8E65-DAE32A44A641}.Release|x64.Build.0 = Release|x64
		{944719CB-865F-43D8-8E65-DAE32A44A641}.Release|x86.ActiveCfg = Release|Win32
		{944719CB-865F-43D8-8E65-DAE32A44A641}.Release|x86.Build.0 = Release|Win32
		{2F796C51-DB45-406A-8F19-20A9E4475A8E}.Debug|x64.ActiveCfg = Debug|x64
		{2F796C51-DB45-406A-8F19-20A9E4475A8E}.Debug|x64.Build.0 = Debug|x64
		{2F796C51-DB45-406A-8F19-20A9E4475A8E}.Debug|x86.ActiveCfg = Debug|Win32
		{2F796C51-DB45-406A-8F19-20A9E4475A8E}.Debug|x86.Build.0 = Debug|Win32
		{2F796C51-DB45-406A-8F19-20A9E4475A8E}.Release|x64.ActiveCfg = Release|x64
		{2F796C51-DB45-406A-8F19-20A9E4475A8E}.Release|x64.Build.0 = Release|x64
		{2F796C51-DB45-406A-8F19-20A9E4475A8E}.Release|x86.ActiveCfg = Release|Win32
		{2F796C51-DB45-406A-8F19-20A9E4475A8E}.Release|x86.Build.0 = Release|Win32
		{75DCCE27-FA75-409F-AED2-1873C4F0A74C}.Debug|x64.ActiveCfg = Debug|x64
		{75DCCE27-FA75-409F-AED2-1873C4F0A74C}.Debug|x64.Build.0 = Debug|x64
		{75DCCE27-FA75-409F-AED2-1873C4F0A74C}.Debug|x86.ActiveCfg = Debug|Win32
		{75DCCE27-FA75-409F-AED2-1873C4F0A74C}.Debug|x86.Build.0 = Debug|Win32
		{75DCCE27-FA75-409F-AED2-1873C4F0A74C}.Release|x64.ActiveCfg = Release|x64
		{75DCCE27-FA75-409F-AED2-1873C4F0A74C}.Release|x64.Build.0 = Release|x64
		{75DCCE27-FA75-409F-AED2-1873C4F0A74C}.Release|x86.ActiveCfg = Release|Win32
		{75DCCE27-FA75-409F-AED2-1873C4F0A74C}.Release|x86.Build.0 = Release|Win32
		{3336855F-4890-490A-9FF5-D6309EFC908C}.Debug|x64.ActiveCfg = Debug|x64
		{3336855F-4890-490A-9FF5-D6309EFC908C}.Debug|x64.Build.0 = Debug|x64
		{3336855F-4890-490A-9FF5-D6309EFC908C}.Debug|x86.ActiveCfg = Debug|Win32
		{3336855F-4890-490A-9FF5-D6309EFC908C}.Debug|x86.Build.0 = Debug|Win32
		{3336855F-4890-490A-9FF5-D6309EFC908C}.Release|x64.ActiveCfg = Release|x64
		{3336855F-4890-490A-9FF5-D6309EFC908C}.Release|x64.Build.0 = Release|x64
		{3336855F-4890-490A-9FF5-D6309EFC908C}.Release|x86.ActiveCfg = Release|Win32
		{3336855F-4890-490A-9FF5-D6309EFC908C}.Release|x86.Build.0 = Release|Win32
		{99D3DCBE-002D-4C89-943E-59308694FAB7}.Debug|x64.ActiveCfg = Debug|x64
		{99D3DCBE-002D-4C89-943E-59308694FAB7}.Debug|x64.Build.0 = Debug|x64
		{99D3DCBE-002D-4C89-943E-59308694FAB7}.Debug|x86.ActiveCfg = Debug|Win32
		{99D3DCBE-002D-4C89-943E-59308694FAB7}.Debug|x86.Build.0 = Debug|Win32
		{99D3DCBE-002D-4C89-943E-59308694FAB7}.Release|x64.ActiveCfg = Release|x64
		{99D3DCBE-002D-4C89-943E-59308694FAB7}.Release|x64.Build.0 = Release|x64
		{99D3DCBE-002D-4C89-943E-59308694FAB7}.Release|x86.ActiveCfg = Release|Win32
		{99D3DCBE-002D-4C89-943E-59308694FAB7}.Release|x86.Build.0 = Release|Win32
		{BCAE4A00-EB9D-43A3-8A40-E78556A2E210}.Debug|x64.ActiveCfg = Debug|x64
		{BCAE4A00-EB9D-43A3-8A40-E78556A2E210}.Debug|x64.Build.0 = Debug|x64
		{BCAE4A00-EB9D-43A3-8A40-E78556A2E210}.Debug|x86.ActiveCfg = Debug|Win32
		{BCAE4A00-EB9D-43A3-8A40-E78556A2E210}.Debug|x86.Build.0 = Debug|Win32
		{BCAE4A00-EB9D-43A3-8A40-E78556A2E210}.Release|x64.ActiveCfg = Release|x64
		{BCAE4A00-EB9D-43A3-8A40-E78556A2E210}.Release|x64.Build.0 = Release|x64
		{BCAE4A00-EB9D-43A3-8A40-E78556A2E210}.Release|x86.ActiveCfg = Release|Win32
		{BCAE4A00-EB9D-43A3-8A40-E78556A2E210}.Release|x86.Build.0 = Release|Win32
		{DA39CD59-4954-4050-93DB-48E5619BBB2C}.Debug|x64.ActiveCfg = Debug|x64
		{DA39CD59-4954-4050-93DB-48E5619BBB2C}.Debug|x64.Build.0 = Debug|x64
		{DA39CD59-4954-4050-93DB-48E5619BBB2C}.Debug|x86.ActiveCfg = Debug|Win32
		{DA39CD59-4954-4050-93DB-48E5619BBB2C}.Debug|x86.Build.0 = Debug|Win32
		{DA39CD59-4954-4050-93DB-48E5619BBB2C}.Release|x64.ActiveCfg = Release|x64
		{DA39CD59-4954-4050-93DB-48E5619BBB2C}.Release|x64.Build.0 = Release|x64
		{DA39CD59-4954-4050-93DB-48E5619BBB2C}.Release|x86.ActiveCfg = Release|Win32
		{DA39CD59-4954-4050-93DB-48E5619BBB2C}.Release|x86.Build.0 = Release|Win32
		{A9E46F39-6112-4C70-93A0-807052F7AA5D}.Debug|x64.ActiveCfg = Debug|x64
		{A9E46F39-6112-4C70-93A0-807052F7AA5D}.Debug|x64.Build.0 = Debug|x64
		{A9E46F39-6112-4C70-93A0-807052F7AA5D}.Debug|x86.ActiveCfg = Debug|Win32
		{A9E46F39-6112-4C70-93A0-807052F7AA5D}.Debug|x86.Build.0 = Debug|Win32
		{A9E46F39-6112-4C70-93A0-807052F7AA5D}.Release|x64.ActiveCfg = Release|x64
		{A9E46F39-6112-4C70-93A0-807052F7AA5D}.Release|x64.Build.0 = Release|x64
		{A9E46F39-6112-4C70-93A0-807052F7AA5D}.Release|x86.ActiveCfg = Release|Win32
		{A9E46F39-6112-4C70-93A0-807052F7AA5D}.Release|x86.Build.0 = Release|Win32
		{BE76959F-8325-49FE-8E2A-F597F7A16506}.Debug|x64.ActiveCfg = Debug|x64
		{BE76959F-8325-49FE-8E2A-F597F7A16506}.Debug|x64.Build.0 = Debug|x64
		{BE76959F-8325-49FE-8E2A-F597F7A16506}.Debug|x86.ActiveCfg = Debug|Win32
		{BE76959F-8325-49FE-8E2A-F597F7A16506}.Debug|x86.Build.0 = Debug|Win32
		{BE76959F-8325-49FE-8E2A-F597F7A16506}.Release|x64.ActiveCfg = Release|x64
		{BE76959F-8325-49FE-8E2A-F597F7A16506}.Release|x64.Build.0 = Release|x64
		{BE76959F-8325-49FE-8E2A-F597F7A16506}.Release|x86.ActiveCfg = Release|Win32
		{BE76959F-8325-49FE-8E2A-F597F7A16506}.Release|x86.Build.0 = Release|Win32
		{E4E2FF3D-D95E-4144-B61C-3CB8BBD7D8B7}.Debug|x64.ActiveCfg = Debug|x64
		{E4E2FF3D-D95E-4144-B61C-3CB8BBD7D8B7}.Debug|x64.Build.0 = Debug|x64
		{E4E2FF3D-D95E-4144-B61C-3CB8BBD7D8B7}.Debug|x86.ActiveCfg = Debug|Win32
		{E4E2FF3D-D95E-4144-B61C-3CB8BBD7D8B7}.Debug|x86.Build.0 = Debug|Win32
		{E4E2FF3D-D95E-4144-B61C-3CB8BBD7D8B7}.Release|x64.ActiveCfg = Release|x64
		{E4E2FF3D-D95E-4144-B61C-3CB8BBD7D8B7}.Release|x64.Build.0 = Release|x64
		{E4E2FF3D-D95E-4144-B61C-3CB8BBD7D8B7}.Release|x86.ActiveCfg = Release|Win32
		{E4E2FF3D-D95E-4144-B61C-3CB8BBD7D8B7}.Release|x86.Build.0 = Release|Win32
		{11BE88B6-AAB3-4191-B534-41D6796F17AA}.Debug|x64.ActiveCfg = Debug|x64
		{11BE88B6-AAB3-4191-B534-41D6796F17AA}.Debug|x64.Build.0 = Debug|x64
		{11BE88B6-AAB3-4191-B534-41D6796F17AA}.Debug|x86.ActiveCfg = Debug|Win32
		{11BE88B6-AAB3-4191-B534-41D6796F17AA}.Debug|x86.Build.0 = Debug|Win32
		{11BE88B6-AAB3-4191-B534-41D6796F17AA}.Release|x64.ActiveCfg = Release|x64
		{11BE88B6-AAB3-4191-B534-41D6796F17AA}.Release|x64.Build.0 = Release|x64
		{11BE88B6-AAB3-4191-B534-41D6796F17AA}.Release|x86.ActiveCfg = Release|Win32
		{11BE88B6-AAB3-4191-B534-41D6796F17AA}.Release|x86.Build.0 = Release|Win32
		{01D7E053-A5DD-423B-94F3-2638BC0BFD59}.Debug|x64.ActiveCfg = Debug|x64
		{01D7E053-A5DD-423B-94F3-2638BC0BFD59}.Debug|x64.Build.0 = Debug|x64
		{01D7E053-A5DD-423B-94F3-2638BC0BFD59}.Debug|x86.ActiveCfg = Debug|Win32
		{01D7E053-A5DD-423B-94F3-2638BC0BFD59}.Debug|x86.Build.0 = Debug|Win32
		{01D7E053-A5DD-423B-94F3-2638BC0BFD59}.Release|x64.ActiveCfg = Release|x64
		{01D7E053-A5DD-423B-94F3-2638BC0BFD59}.Release|x64.Build.0 = Release|x64
		{01D7E053-A5DD-423B-94F3-2638BC0BFD59}.Release|x86.ActiveCfg = Release|Win32
		{01D7E053-A5DD-423B-94F3-2638BC0BFD59}.Release|x86.Build.0 = Release|Win32
		{B62BBE37-ACE4-4E5A-AC19-88AA1BCBDB04}.Debug|x64.ActiveCfg = Debug|x64
		{B62BBE37-ACE4-4E5A-AC19-88AA1BCBDB04}.Debug|x64.Build.0 = Debug|x64
		{B62BBE37-ACE4-4E5A-AC19-88AA1BCBDB04}.Debug|x86.ActiveCfg = Debug|Win32
		{B62BBE37-ACE4-4E5A-AC19-88AA1BCBDB04}.Debug|x86.Build.0 = Debug|Win32
		{B62BBE37-ACE4-4E5A-AC19-88AA1BCBDB04}.Release|x64.ActiveCfg = Release|x64
		{B62BBE37-ACE4-4E5A-AC19-88AA1BCBDB04}.Release|x64.Build.0 = Release|x64
		{B62BBE37-ACE4-4E5A-AC19-88AA1BCBDB04}.Release|x86.ActiveCfg = Release|Win32
		{B62BBE37-ACE4-4E5A-AC19-88AA1BCBDB04}.Release|x86.Build.0 = Release|Win32
		{4CB384BA-3D48-4642-A6DD-D52364FE2EE3}.Debug|x64.ActiveCfg = Debug|x64
		{4CB384BA-3D48-4642-A6DD-D52364FE2EE3}.Debug|x64.Build.0 = Debug|x64
		{4CB384BA-3D48-4642-A6DD-D52364FE2EE3}.Debug|x86.ActiveCfg = Debug|Win32
		{4CB384BA-3D48-4642-A6DD-D52364FE2EE3}.Debug|x86.Build.0 = Debug|Win32
		{4CB384BA-3D48-4642-A6DD-D52364FE2EE3}.Release|x64.ActiveCfg = Release|x64
		{4CB384BA-3D48-4642-A6DD-D52364FE2EE3}.Release|x64.Build.0 = Release|x64
		{4CB384BA-3D48-4642-A6DD-D52364FE2EE3}.Release|x86.ActiveCfg = Release|Win32
		{4CB384BA-3D48-4642-A6DD-D52364FE2EE3}.Release|x86.Build.0 = Release|Win32
		{3F963F23-D00A-49FB-B2B5-AD5B1F80DFB9}.Debug|x64.ActiveCfg = Debug|x64
		{3F963F23-D00A-49FB-B2B5-AD5B1F80DFB9}.Debug|x64.Build.0 = Debug|x64
		{3F963F23-D00A-49FB-B2B5-AD5B1F80DFB9}.Debug|x86.ActiveCfg = Debug|Win32
		{3F963F23-D00A-49FB-B2B5-AD5B1F80DFB9}.Debug|x86.Build.0 = Debug|Win32
		{3F963F23-D00A-49FB-B2B5-AD5B1F80DFB9}.Release|x64.ActiveCfg = Release|x64
		{3F963F23-D00A-49FB-B2B5-AD5B1F80DFB9}.Release|x64.Build.0 = Release|x64
		{3F963F23-D00A-49FB-B2B5-AD5B1F80DFB9}.Release|x86.ActiveCfg = Release|Win32
		{3F963F23-D00A-49FB-B2B5-AD5B1F80DFB9}.Release|x86.Build.0 = Release|Win32
		{82771927-04E7-453D-AD6A-2372B36D1ADF}.Debug|x64.ActiveCfg = Debug|x64
		{82771927-04E7-453D-AD6A-2372B36D1ADF}.Debug|x64.Build.0 = Debug|x64
		{82771927-04E7-453D-AD6A-2372B36D1ADF}.Debug|x86.ActiveCfg = Debug|Win32
		{82771927-04E7-453D-AD6A-2372B36D1ADF}.Debug|x86.Build.0 = Debug|Win32
		{82771927-04E7-453D-AD6A-2372B36D1ADF}.Release|x64.ActiveCfg = Release|x64
		{82771927-04E7-453D-AD6A-2372B36D1ADF}.Release|x64.Build.0 = Release|x64
		{82771927-04E7-453D-AD6A-2372B36D1ADF}.Release|x86.ActiveCfg = Release|Win32
		{82771927-04E7-453D-AD6A-2372B36D1ADF}.Release|x86.Build.0 = Release|Win32
	EndGlobalSection
	GlobalSection(SolutionProperties) = preSolution
		HideSolutionNode = FALSE
	EndGlobalSection
	GlobalSection(NestedProjects) = preSolution
		{3EFABE94-42CD-4C8F-83F9-3350F9426D15} = {BC8A6FE9-0EE7-4F8A-B4A9-0287C1308A0F}
		{4D103874-3707-47D0-8666-4B921934888C} = {BC8A6FE9-0EE7-4F8A-B4A9-0287C1308A0F}
		{3078004E-923F-4269-8664-97C4F726D406} = {BC8A6FE9-0EE7-4F8A-B4A9-0287C1308A0F}
		{4A1DE087-734C-46A4-A4B6-A2B6AB8A53AC} = {3439A8FB-197C-47F3-B544-DE2DD294447A}
		{D88DBED5-4B03-4B2E-BB8E-8CFD409AAEEA} = {3439A8FB-197C-47F3-B544-DE2DD294447A}
		{44BE8B7F-DAD6-4D04-A827-32E34F8C12C0} = {85231949-B73B-4839-A274-5E89144B55E4}
		{9450C999-E182-4B8C-B48A-23DE91DD28F0} = {3439A8FB-197C-47F3-B544-DE2DD294447A}
		{8C4BB5F9-0660-4ECF-A0D9-6E6C89552512} = {3439A8FB-197C-47F3-B544-DE2DD294447A}
		{CD9C4AB1-1413-41F7-93CC-E9B800399640} = {3439A8FB-197C-47F3-B544-DE2DD294447A}
		{BF2C86F2-7802-4629-A8A5-E34DB62FA9F3} = {3439A8FB-197C-47F3-B544-DE2DD294447A}
		{98634850-22B2-4434-82AE-FFBBDE169294} = {3439A8FB-197C-47F3-B544-DE2DD294447A}
		{87C8BF00-564D-4449-9DF1-28A2CF02CF34} = {3439A8FB-197C-47F3-B544-DE2DD294447A}
		{E46C80FC-D5D3-4336-89A0-A5EDFA20AB05} = {6F8B7894-80D9-4E04-859C-3021EDB299E1}
		{83800AC1-F4F8-4B07-AEF8-DDA766EC0ED0} = {6F8B7894-80D9-4E04-859C-3021EDB299E1}
		{BB6D5429-0CD8-43A3-8A83-C5A240F052BC} = {6F8B7894-80D9-4E04-859C-3021EDB299E1}
		{944719CB-865F-43D8-8E65-DAE32A44A641} = {6F8B7894-80D9-4E04-859C-3021EDB299E1}
		{2F796C51-DB45-406A-8F19-20A9E4475A8E} = {22098CE8-3E04-45D1-85E0-82D230FF418E}
		{22098CE8-3E04-45D1-85E0-82D230FF418E} = {FF16688F-49CD-442B-9514-19CF309798FC}
		{75DCCE27-FA75-409F-AED2-1873C4F0A74C} = {22098CE8-3E04-45D1-85E0-82D230FF418E}
		{5BC02402-3821-472A-AAAD-1D192BE6792F} = {FF16688F-49CD-442B-9514-19CF309798FC}
		{30E93AEB-61F9-4AEC-80D5-5C35A05E5087} = {FF16688F-49CD-442B-9514-19CF309798FC}
		{3336855F-4890-490A-9FF5-D6309EFC908C} = {5BC02402-3821-472A-AAAD-1D192BE6792F}
		{99D3DCBE-002D-4C89-943E-59308694FAB7} = {5BC02402-3821-472A-AAAD-1D192BE6792F}
		{BCAE4A00-EB9D-43A3-8A40-E78556A2E210} = {30E93AEB-61F9-4AEC-80D5-5C35A05E5087}
		{DA39CD59-4954-4050-93DB-48E5619BBB2C} = {30E93AEB-61F9-4AEC-80D5-5C35A05E5087}
		{DE4F7C85-9EF2-42B6-B8AC-CD195FFE9F91} = {FF16688F-49CD-442B-9514-19CF309798FC}
		{A9E46F39-6112-4C70-93A0-807052F7AA5D} = {DE4F7C85-9EF2-42B6-B8AC-CD195FFE9F91}
		{BE76959F-8325-49FE-8E2A-F597F7A16506} = {DE4F7C85-9EF2-42B6-B8AC-CD195FFE9F91}
		{6C018976-761D-4BE6-8AE3-3C0EED6B7A10} = {FF16688F-49CD-442B-9514-19CF309798FC}
		{E4E2FF3D-D95E-4144-B61C-3CB8BBD7D8B7} = {6C018976-761D-4BE6-8AE3-3C0EED6B7A10}
		{11BE88B6-AAB3-4191-B534-41D6796F17AA} = {6C018976-761D-4BE6-8AE3-3C0EED6B7A10}
		{01D7E053-A5DD-423B-94F3-2638BC0BFD59} = {E2CDC50F-9790-49D6-A416-6E2CAED585B6}
		{B62BBE37-ACE4-4E5A-AC19-88AA1BCBDB04} = {E2CDC50F-9790-49D6-A416-6E2CAED585B6}
		{4CB384BA-3D48-4642-A6DD-D52364FE2EE3} = {E2CDC50F-9790-49D6-A416-6E2CAED585B6}
		{3F963F23-D00A-49FB-B2B5-AD5B1F80DFB9} = {E2CDC50F-9790-49D6-A416-6E2CAED585B6}
		{82771927-04E7-453D-AD6A-2372B36D1ADF} = {E2CDC50F-9790-49D6-A416-6E2CAED585B6}
	EndGlobalSection
	GlobalSection(ExtensibilityGlobals) = postSolution
		SolutionGuid = {EE1D05BE-9DDB-4D63-99A1-9A06761ADF99}
	EndGlobalSection
EndGlobal
